<?xml version="1.0" encoding="utf-8"?>
<Project ToolsVersion="15.0" xmlns="http://schemas.microsoft.com/developer/msbuild/2003">
  <ItemGroup>
    <ClCompile Include="D:\LIB\opencv\opencv_contrib-4.5.0\modules\cudalegacy\src\NCV.cpp">
      <Filter>Src</Filter>
    </ClCompile>
    <ClCompile Include="D:\LIB\opencv\opencv_contrib-4.5.0\modules\cudalegacy\src\bm.cpp">
      <Filter>Src</Filter>
    </ClCompile>
    <ClCompile Include="D:\LIB\opencv\opencv_contrib-4.5.0\modules\cudalegacy\src\bm_fast.cpp">
      <Filter>Src</Filter>
    </ClCompile>
    <ClCompile Include="D:\LIB\opencv\opencv_contrib-4.5.0\modules\cudalegacy\src\calib3d.cpp">
      <Filter>Src</Filter>
    </ClCompile>
    <ClCompile Include="D:\LIB\opencv\opencv_contrib-4.5.0\modules\cudalegacy\src\fgd.cpp">
      <Filter>Src</Filter>
    </ClCompile>
    <ClCompile Include="D:\LIB\opencv\opencv_contrib-4.5.0\modules\cudalegacy\src\gmg.cpp">
      <Filter>Src</Filter>
    </ClCompile>
    <ClCompile Include="D:\LIB\opencv\opencv_contrib-4.5.0\modules\cudalegacy\src\graphcuts.cpp">
      <Filter>Src</Filter>
    </ClCompile>
    <ClCompile Include="D:\LIB\opencv\opencv_contrib-4.5.0\modules\cudalegacy\src\image_pyramid.cpp">
      <Filter>Src</Filter>
    </ClCompile>
    <ClCompile Include="D:\LIB\opencv\opencv_contrib-4.5.0\modules\cudalegacy\src\interpolate_frames.cpp">
      <Filter>Src</Filter>
    </ClCompile>
    <ClCompile Include="D:\LIB\opencv\opencv_contrib-4.5.0\modules\cudalegacy\src\needle_map.cpp">
      <Filter>Src</Filter>
    </ClCompile>
    <ClCompile Include="D:\LIB\opencv\opencv450\build\modules\cudalegacy\opencv_cudalegacy_pch.cpp">
      <Filter>Src</Filter>
    </ClCompile>
    <ClCompile Include="D:\LIB\opencv\opencv450\build\modules\cudalegacy\opencv_cudalegacy_main.cpp">
      <Filter>Source Files</Filter>
    </ClCompile>
  </ItemGroup>
  <ItemGroup>
    <ClInclude Include="D:\LIB\opencv\opencv_contrib-4.5.0\modules\cudalegacy\include\opencv2\cudalegacy.hpp">
      <Filter>Include\opencv2</Filter>
    </ClInclude>
    <ClInclude Include="D:\LIB\opencv\opencv_contrib-4.5.0\modules\cudalegacy\include\opencv2\cudalegacy\NCV.hpp">
      <Filter>Include\opencv2\cudalegacy</Filter>
    </ClInclude>
    <ClInclude Include="D:\LIB\opencv\opencv_contrib-4.5.0\modules\cudalegacy\include\opencv2\cudalegacy\NCVBroxOpticalFlow.hpp">
      <Filter>Include\opencv2\cudalegacy</Filter>
    </ClInclude>
    <ClInclude Include="D:\LIB\opencv\opencv_contrib-4.5.0\modules\cudalegacy\include\opencv2\cudalegacy\NCVHaarObjectDetection.hpp">
      <Filter>Include\opencv2\cudalegacy</Filter>
    </ClInclude>
    <ClInclude Include="D:\LIB\opencv\opencv_contrib-4.5.0\modules\cudalegacy\include\opencv2\cudalegacy\NCVPyramid.hpp">
      <Filter>Include\opencv2\cudalegacy</Filter>
    </ClInclude>
    <ClInclude Include="D:\LIB\opencv\opencv_contrib-4.5.0\modules\cudalegacy\include\opencv2\cudalegacy\NPP_staging.hpp">
      <Filter>Include\opencv2\cudalegacy</Filter>
    </ClInclude>
    <ClInclude Include="D:\LIB\opencv\opencv_contrib-4.5.0\modules\cudalegacy\include\opencv2\cudalegacy\private.hpp">
      <Filter>Include\opencv2\cudalegacy</Filter>
    </ClInclude>
    <ClInclude Include="D:\LIB\opencv\opencv_contrib-4.5.0\modules\cudalegacy\src\cuda\NCVAlg.hpp">
      <Filter>Src\cuda</Filter>
    </ClInclude>
    <ClInclude Include="D:\LIB\opencv\opencv_contrib-4.5.0\modules\cudalegacy\src\cuda\NCVColorConversion.hpp">
      <Filter>Src\cuda</Filter>
    </ClInclude>
    <ClInclude Include="D:\LIB\opencv\opencv_contrib-4.5.0\modules\cudalegacy\src\cuda\NCVPixelOperations.hpp">
      <Filter>Src\cuda</Filter>
    </ClInclude>
    <ClInclude Include="D:\LIB\opencv\opencv_contrib-4.5.0\modules\cudalegacy\src\cuda\NCVRuntimeTemplates.hpp">
      <Filter>Src\cuda</Filter>
    </ClInclude>
    <ClInclude Include="D:\LIB\opencv\opencv_contrib-4.5.0\modules\cudalegacy\src\cuda\fgd.hpp">
      <Filter>Src\cuda</Filter>
    </ClInclude>
    <ClInclude Include="D:\LIB\opencv\opencv_contrib-4.5.0\modules\cudalegacy\src\precomp.hpp">
      <Filter>Src</Filter>
    </ClInclude>
    <ClInclude Include="D:\LIB\opencv\opencv450\build\cvconfig.h">
      <Filter>Include</Filter>
    </ClInclude>
    <ClInclude Include="D:\LIB\opencv\opencv450\build\opencv2\opencv_modules.hpp">
      <Filter>Include</Filter>
    </ClInclude>
  </ItemGroup>
  <ItemGroup>
    <CustomBuild Include="D:\LIB\opencv\opencv_contrib-4.5.0\modules\cudalegacy\src\cuda\NCV.cu">
      <Filter>Src\Cuda</Filter>
    </CustomBuild>
    <CustomBuild Include="D:\LIB\opencv\opencv_contrib-4.5.0\modules\cudalegacy\src\cuda\NCVBroxOpticalFlow.cu">
      <Filter>Src\Cuda</Filter>
    </CustomBuild>
    <CustomBuild Include="D:\LIB\opencv\opencv_contrib-4.5.0\modules\cudalegacy\src\cuda\NCVHaarObjectDetection.cu">
      <Filter>Src\Cuda</Filter>
    </CustomBuild>
    <CustomBuild Include="D:\LIB\opencv\opencv_contrib-4.5.0\modules\cudalegacy\src\cuda\NCVPyramid.cu">
      <Filter>Src\Cuda</Filter>
    </CustomBuild>
    <CustomBuild Include="D:\LIB\opencv\opencv_contrib-4.5.0\modules\cudalegacy\src\cuda\NPP_staging.cu">
      <Filter>Src\Cuda</Filter>
    </CustomBuild>
    <CustomBuild Include="D:\LIB\opencv\opencv_contrib-4.5.0\modules\cudalegacy\src\cuda\bm.cu">
      <Filter>Src\Cuda</Filter>
    </CustomBuild>
    <CustomBuild Include="D:\LIB\opencv\opencv_contrib-4.5.0\modules\cudalegacy\src\cuda\bm_fast.cu">
      <Filter>Src\Cuda</Filter>
    </CustomBuild>
    <CustomBuild Include="D:\LIB\opencv\opencv_contrib-4.5.0\modules\cudalegacy\src\cuda\calib3d.cu">
      <Filter>Src\Cuda</Filter>
    </CustomBuild>
    <CustomBuild Include="D:\LIB\opencv\opencv_contrib-4.5.0\modules\cudalegacy\src\cuda\ccomponetns.cu">
      <Filter>Src\Cuda</Filter>
    </CustomBuild>
    <CustomBuild Include="D:\LIB\opencv\opencv_contrib-4.5.0\modules\cudalegacy\src\cuda\fgd.cu">
      <Filter>Src\Cuda</Filter>
    </CustomBuild>
    <CustomBuild Include="D:\LIB\opencv\opencv_contrib-4.5.0\modules\cudalegacy\src\cuda\gmg.cu">
      <Filter>Src\Cuda</Filter>
    </CustomBuild>
    <CustomBuild Include="D:\LIB\opencv\opencv_contrib-4.5.0\modules\cudalegacy\src\cuda\needle_map.cu">
      <Filter>Src\Cuda</Filter>
    </CustomBuild>
  </ItemGroup>
  <ItemGroup>
    <Object Include="D:\LIB\opencv\opencv450\build\modules\cudalegacy\CMakeFiles\cuda_compile_1.dir\src\cuda\$(Configuration)\cuda_compile_1_generated_NCV.cu.obj">
      <Filter>Object Files</Filter>
    </Object>
    <Object Include="D:\LIB\opencv\opencv450\build\modules\cudalegacy\CMakeFiles\cuda_compile_1.dir\src\cuda\$(Configuration)\cuda_compile_1_generated_NCVBroxOpticalFlow.cu.obj">
      <Filter>Object Files</Filter>
    </Object>
    <Object Include="D:\LIB\opencv\opencv450\build\modules\cudalegacy\CMakeFiles\cuda_compile_1.dir\src\cuda\$(Configuration)\cuda_compile_1_generated_NCVHaarObjectDetection.cu.obj">
      <Filter>Object Files</Filter>
    </Object>
    <Object Include="D:\LIB\opencv\opencv450\build\modules\cudalegacy\CMakeFiles\cuda_compile_1.dir\src\cuda\$(Configuration)\cuda_compile_1_generated_NCVPyramid.cu.obj">
      <Filter>Object Files</Filter>
    </Object>
    <Object Include="D:\LIB\opencv\opencv450\build\modules\cudalegacy\CMakeFiles\cuda_compile_1.dir\src\cuda\$(Configuration)\cuda_compile_1_generated_NPP_staging.cu.obj">
      <Filter>Object Files</Filter>
    </Object>
    <Object Include="D:\LIB\opencv\opencv450\build\modules\cudalegacy\CMakeFiles\cuda_compile_1.dir\src\cuda\$(Configuration)\cuda_compile_1_generated_bm.cu.obj">
      <Filter>Object Files</Filter>
    </Object>
    <Object Include="D:\LIB\opencv\opencv450\build\modules\cudalegacy\CMakeFiles\cuda_compile_1.dir\src\cuda\$(Configuration)\cuda_compile_1_generated_bm_fast.cu.obj">
      <Filter>Object Files</Filter>
    </Object>
    <Object Include="D:\LIB\opencv\opencv450\build\modules\cudalegacy\CMakeFiles\cuda_compile_1.dir\src\cuda\$(Configuration)\cuda_compile_1_generated_calib3d.cu.obj">
      <Filter>Object Files</Filter>
    </Object>
    <Object Include="D:\LIB\opencv\opencv450\build\modules\cudalegacy\CMakeFiles\cuda_compile_1.dir\src\cuda\$(Configuration)\cuda_compile_1_generated_ccomponetns.cu.obj">
      <Filter>Object Files</Filter>
    </Object>
    <Object Include="D:\LIB\opencv\opencv450\build\modules\cudalegacy\CMakeFiles\cuda_compile_1.dir\src\cuda\$(Configuration)\cuda_compile_1_generated_fgd.cu.obj">
      <Filter>Object Files</Filter>
    </Object>
    <Object Include="D:\LIB\opencv\opencv450\build\modules\cudalegacy\CMakeFiles\cuda_compile_1.dir\src\cuda\$(Configuration)\cuda_compile_1_generated_gmg.cu.obj">
      <Filter>Object Files</Filter>
    </Object>
    <Object Include="D:\LIB\opencv\opencv450\build\modules\cudalegacy\CMakeFiles\cuda_compile_1.dir\src\cuda\$(Configuration)\cuda_compile_1_generated_needle_map.cu.obj">
      <Filter>Object Files</Filter>
    </Object>
  </ItemGroup>
  <ItemGroup>
    <ResourceCompile Include="D:\LIB\opencv\opencv450\build\modules\cudalegacy\vs_version.rc">
      <Filter>Src</Filter>
    </ResourceCompile>
  </ItemGroup>
  <ItemGroup>
    <Filter Include="Include">
      <UniqueIdentifier>{0F4E727C-A542-39DA-A5B7-B658528F0B6C}</UniqueIdentifier>
    </Filter>
    <Filter Include="Include\opencv2">
      <UniqueIdentifier>{8E98FA75-E5B5-3AD2-AC34-8A455A40CD7D}</UniqueIdentifier>
    </Filter>
    <Filter Include="Include\opencv2\cudalegacy">
      <UniqueIdentifier>{F876B089-F42D-314D-BFC0-85F6FA140819}</UniqueIdentifier>
    </Filter>
    <Filter Include="Object Files">
      <UniqueIdentifier>{CF2C0D67-0984-375E-81D2-14F11AC637C5}</UniqueIdentifier>
    </Filter>
    <Filter Include="Source Files">
      <UniqueIdentifier>{CE12B7EF-4DE0-3097-AE17-93B2DA197F27}</UniqueIdentifier>
    </Filter>
    <Filter Include="Src">
      <UniqueIdentifier>{CD70F01E-A37A-31F4-9B99-9B18D6482D8A}</UniqueIdentifier>
    </Filter>
    <Filter Include="Src\Cuda">
      <UniqueIdentifier>{0FC17E9D-ADFB-3535-91A5-165771147D90}</UniqueIdentifier>
    </Filter>
    <Filter Include="Src\cuda">
      <UniqueIdentifier>{12E224AE-CC75-3B09-ADF1-527DCFE72C3A}</UniqueIdentifier>
    </Filter>
  </ItemGroup>
</Project>
