<?xml version="1.0" encoding="utf-8"?>
<Project ToolsVersion="15.0" xmlns="http://schemas.microsoft.com/developer/msbuild/2003">
  <ItemGroup>
    <ClCompile Include="D:\LIB\opencv\opencv450\sources\modules\photo\test\ocl\test_denoising.cpp">
      <Filter>Src\ocl</Filter>
    </ClCompile>
    <ClCompile Include="D:\LIB\opencv\opencv450\sources\modules\photo\test\test_cloning.cpp">
      <Filter>Src</Filter>
    </ClCompile>
    <ClCompile Include="D:\LIB\opencv\opencv450\sources\modules\photo\test\test_decolor.cpp">
      <Filter>Src</Filter>
    </ClCompile>
    <ClCompile Include="D:\LIB\opencv\opencv450\sources\modules\photo\test\test_denoise_tvl1.cpp">
      <Filter>Src</Filter>
    </ClCompile>
    <ClCompile Include="D:\LIB\opencv\opencv450\sources\modules\photo\test\test_denoising.cpp">
      <Filter>Src</Filter>
    </ClCompile>
    <ClCompile Include="D:\LIB\opencv\opencv450\sources\modules\photo\test\test_denoising.cuda.cpp">
      <Filter>Src</Filter>
    </ClCompile>
    <ClCompile Include="D:\LIB\opencv\opencv450\sources\modules\photo\test\test_hdr.cpp">
      <Filter>Src</Filter>
    </ClCompile>
    <ClCompile Include="D:\LIB\opencv\opencv450\sources\modules\photo\test\test_inpaint.cpp">
      <Filter>Src</Filter>
    </ClCompile>
    <ClCompile Include="D:\LIB\opencv\opencv450\sources\modules\photo\test\test_main.cpp">
      <Filter>Src</Filter>
    </ClCompile>
    <ClCompile Include="D:\LIB\opencv\opencv450\sources\modules\photo\test\test_npr.cpp">
      <Filter>Src</Filter>
    </ClCompile>
    <ClCompile Include="D:\LIB\opencv\opencv450\build\modules\photo\opencv_test_photo_pch.cpp">
      <Filter>Src</Filter>
    </ClCompile>
  </ItemGroup>
  <ItemGroup>
    <ClInclude Include="D:\LIB\opencv\opencv450\sources\modules\photo\test\test_precomp.hpp">
      <Filter>Include</Filter>
    </ClInclude>
  </ItemGroup>
  <ItemGroup>
    <CustomBuild Include="D:\LIB\opencv\opencv450\sources\modules\photo\CMakeLists.txt" />
  </ItemGroup>
  <ItemGroup>
    <Filter Include="Include">
      <UniqueIdentifier>{0F4E727C-A542-39DA-A5B7-B658528F0B6C}</UniqueIdentifier>
    </Filter>
    <Filter Include="Src">
      <UniqueIdentifier>{CD70F01E-A37A-31F4-9B99-9B18D6482D8A}</UniqueIdentifier>
    </Filter>
    <Filter Include="Src\ocl">
      <UniqueIdentifier>{9C8E7864-C151-3E5D-84C4-60981BD2BD8E}</UniqueIdentifier>
    </Filter>
  </ItemGroup>
</Project>
