<?xml version="1.0" encoding="utf-8"?>
<Project ToolsVersion="15.0" xmlns="http://schemas.microsoft.com/developer/msbuild/2003">
  <ItemGroup>
    <ClCompile Include="D:\LIB\opencv\opencv_contrib-4.5.0\modules\cudaimgproc\src\bilateral_filter.cpp">
      <Filter>Src</Filter>
    </ClCompile>
    <ClCompile Include="D:\LIB\opencv\opencv_contrib-4.5.0\modules\cudaimgproc\src\blend.cpp">
      <Filter>Src</Filter>
    </ClCompile>
    <ClCompile Include="D:\LIB\opencv\opencv_contrib-4.5.0\modules\cudaimgproc\src\canny.cpp">
      <Filter>Src</Filter>
    </ClCompile>
    <ClCompile Include="D:\LIB\opencv\opencv_contrib-4.5.0\modules\cudaimgproc\src\color.cpp">
      <Filter>Src</Filter>
    </ClCompile>
    <ClCompile Include="D:\LIB\opencv\opencv_contrib-4.5.0\modules\cudaimgproc\src\corners.cpp">
      <Filter>Src</Filter>
    </ClCompile>
    <ClCompile Include="D:\LIB\opencv\opencv_contrib-4.5.0\modules\cudaimgproc\src\generalized_hough.cpp">
      <Filter>Src</Filter>
    </ClCompile>
    <ClCompile Include="D:\LIB\opencv\opencv_contrib-4.5.0\modules\cudaimgproc\src\gftt.cpp">
      <Filter>Src</Filter>
    </ClCompile>
    <ClCompile Include="D:\LIB\opencv\opencv_contrib-4.5.0\modules\cudaimgproc\src\histogram.cpp">
      <Filter>Src</Filter>
    </ClCompile>
    <ClCompile Include="D:\LIB\opencv\opencv_contrib-4.5.0\modules\cudaimgproc\src\hough_circles.cpp">
      <Filter>Src</Filter>
    </ClCompile>
    <ClCompile Include="D:\LIB\opencv\opencv_contrib-4.5.0\modules\cudaimgproc\src\hough_lines.cpp">
      <Filter>Src</Filter>
    </ClCompile>
    <ClCompile Include="D:\LIB\opencv\opencv_contrib-4.5.0\modules\cudaimgproc\src\hough_segments.cpp">
      <Filter>Src</Filter>
    </ClCompile>
    <ClCompile Include="D:\LIB\opencv\opencv_contrib-4.5.0\modules\cudaimgproc\src\match_template.cpp">
      <Filter>Src</Filter>
    </ClCompile>
    <ClCompile Include="D:\LIB\opencv\opencv_contrib-4.5.0\modules\cudaimgproc\src\mean_shift.cpp">
      <Filter>Src</Filter>
    </ClCompile>
    <ClCompile Include="D:\LIB\opencv\opencv_contrib-4.5.0\modules\cudaimgproc\src\mssegmentation.cpp">
      <Filter>Src</Filter>
    </ClCompile>
    <ClCompile Include="D:\LIB\opencv\opencv450\build\modules\cudaimgproc\opencv_cudaimgproc_pch.cpp">
      <Filter>Src</Filter>
    </ClCompile>
    <ClCompile Include="D:\LIB\opencv\opencv450\build\modules\cudaimgproc\opencv_cudaimgproc_main.cpp">
      <Filter>Source Files</Filter>
    </ClCompile>
  </ItemGroup>
  <ItemGroup>
    <ClInclude Include="D:\LIB\opencv\opencv_contrib-4.5.0\modules\cudaimgproc\include\opencv2\cudaimgproc.hpp">
      <Filter>Include\opencv2</Filter>
    </ClInclude>
    <ClInclude Include="D:\LIB\opencv\opencv_contrib-4.5.0\modules\cudaimgproc\src\cvt_color_internal.h">
      <Filter>Src</Filter>
    </ClInclude>
    <ClInclude Include="D:\LIB\opencv\opencv_contrib-4.5.0\modules\cudaimgproc\src\precomp.hpp">
      <Filter>Src</Filter>
    </ClInclude>
    <ClInclude Include="D:\LIB\opencv\opencv450\build\cvconfig.h">
      <Filter>Include</Filter>
    </ClInclude>
    <ClInclude Include="D:\LIB\opencv\opencv450\build\opencv2\opencv_modules.hpp">
      <Filter>Include</Filter>
    </ClInclude>
  </ItemGroup>
  <ItemGroup>
    <CustomBuild Include="D:\LIB\opencv\opencv_contrib-4.5.0\modules\cudaimgproc\src\cuda\bilateral_filter.cu">
      <Filter>Src\Cuda</Filter>
    </CustomBuild>
    <CustomBuild Include="D:\LIB\opencv\opencv_contrib-4.5.0\modules\cudaimgproc\src\cuda\blend.cu">
      <Filter>Src\Cuda</Filter>
    </CustomBuild>
    <CustomBuild Include="D:\LIB\opencv\opencv_contrib-4.5.0\modules\cudaimgproc\src\cuda\build_point_list.cu">
      <Filter>Src\Cuda</Filter>
    </CustomBuild>
    <CustomBuild Include="D:\LIB\opencv\opencv_contrib-4.5.0\modules\cudaimgproc\src\cuda\canny.cu">
      <Filter>Src\Cuda</Filter>
    </CustomBuild>
    <CustomBuild Include="D:\LIB\opencv\opencv_contrib-4.5.0\modules\cudaimgproc\src\cuda\clahe.cu">
      <Filter>Src\Cuda</Filter>
    </CustomBuild>
    <CustomBuild Include="D:\LIB\opencv\opencv_contrib-4.5.0\modules\cudaimgproc\src\cuda\color.cu">
      <Filter>Src\Cuda</Filter>
    </CustomBuild>
    <CustomBuild Include="D:\LIB\opencv\opencv_contrib-4.5.0\modules\cudaimgproc\src\cuda\corners.cu">
      <Filter>Src\Cuda</Filter>
    </CustomBuild>
    <CustomBuild Include="D:\LIB\opencv\opencv_contrib-4.5.0\modules\cudaimgproc\src\cuda\debayer.cu">
      <Filter>Src\Cuda</Filter>
    </CustomBuild>
    <CustomBuild Include="D:\LIB\opencv\opencv_contrib-4.5.0\modules\cudaimgproc\src\cuda\generalized_hough.cu">
      <Filter>Src\Cuda</Filter>
    </CustomBuild>
    <CustomBuild Include="D:\LIB\opencv\opencv_contrib-4.5.0\modules\cudaimgproc\src\cuda\gftt.cu">
      <Filter>Src\Cuda</Filter>
    </CustomBuild>
    <CustomBuild Include="D:\LIB\opencv\opencv_contrib-4.5.0\modules\cudaimgproc\src\cuda\hist.cu">
      <Filter>Src\Cuda</Filter>
    </CustomBuild>
    <CustomBuild Include="D:\LIB\opencv\opencv_contrib-4.5.0\modules\cudaimgproc\src\cuda\hough_circles.cu">
      <Filter>Src\Cuda</Filter>
    </CustomBuild>
    <CustomBuild Include="D:\LIB\opencv\opencv_contrib-4.5.0\modules\cudaimgproc\src\cuda\hough_lines.cu">
      <Filter>Src\Cuda</Filter>
    </CustomBuild>
    <CustomBuild Include="D:\LIB\opencv\opencv_contrib-4.5.0\modules\cudaimgproc\src\cuda\hough_segments.cu">
      <Filter>Src\Cuda</Filter>
    </CustomBuild>
    <CustomBuild Include="D:\LIB\opencv\opencv_contrib-4.5.0\modules\cudaimgproc\src\cuda\match_template.cu">
      <Filter>Src\Cuda</Filter>
    </CustomBuild>
    <CustomBuild Include="D:\LIB\opencv\opencv_contrib-4.5.0\modules\cudaimgproc\src\cuda\mean_shift.cu">
      <Filter>Src\Cuda</Filter>
    </CustomBuild>
  </ItemGroup>
  <ItemGroup>
    <Object Include="D:\LIB\opencv\opencv450\build\modules\cudaimgproc\CMakeFiles\cuda_compile_1.dir\src\cuda\$(Configuration)\cuda_compile_1_generated_bilateral_filter.cu.obj">
      <Filter>Object Files</Filter>
    </Object>
    <Object Include="D:\LIB\opencv\opencv450\build\modules\cudaimgproc\CMakeFiles\cuda_compile_1.dir\src\cuda\$(Configuration)\cuda_compile_1_generated_blend.cu.obj">
      <Filter>Object Files</Filter>
    </Object>
    <Object Include="D:\LIB\opencv\opencv450\build\modules\cudaimgproc\CMakeFiles\cuda_compile_1.dir\src\cuda\$(Configuration)\cuda_compile_1_generated_build_point_list.cu.obj">
      <Filter>Object Files</Filter>
    </Object>
    <Object Include="D:\LIB\opencv\opencv450\build\modules\cudaimgproc\CMakeFiles\cuda_compile_1.dir\src\cuda\$(Configuration)\cuda_compile_1_generated_canny.cu.obj">
      <Filter>Object Files</Filter>
    </Object>
    <Object Include="D:\LIB\opencv\opencv450\build\modules\cudaimgproc\CMakeFiles\cuda_compile_1.dir\src\cuda\$(Configuration)\cuda_compile_1_generated_clahe.cu.obj">
      <Filter>Object Files</Filter>
    </Object>
    <Object Include="D:\LIB\opencv\opencv450\build\modules\cudaimgproc\CMakeFiles\cuda_compile_1.dir\src\cuda\$(Configuration)\cuda_compile_1_generated_color.cu.obj">
      <Filter>Object Files</Filter>
    </Object>
    <Object Include="D:\LIB\opencv\opencv450\build\modules\cudaimgproc\CMakeFiles\cuda_compile_1.dir\src\cuda\$(Configuration)\cuda_compile_1_generated_corners.cu.obj">
      <Filter>Object Files</Filter>
    </Object>
    <Object Include="D:\LIB\opencv\opencv450\build\modules\cudaimgproc\CMakeFiles\cuda_compile_1.dir\src\cuda\$(Configuration)\cuda_compile_1_generated_debayer.cu.obj">
      <Filter>Object Files</Filter>
    </Object>
    <Object Include="D:\LIB\opencv\opencv450\build\modules\cudaimgproc\CMakeFiles\cuda_compile_1.dir\src\cuda\$(Configuration)\cuda_compile_1_generated_generalized_hough.cu.obj">
      <Filter>Object Files</Filter>
    </Object>
    <Object Include="D:\LIB\opencv\opencv450\build\modules\cudaimgproc\CMakeFiles\cuda_compile_1.dir\src\cuda\$(Configuration)\cuda_compile_1_generated_gftt.cu.obj">
      <Filter>Object Files</Filter>
    </Object>
    <Object Include="D:\LIB\opencv\opencv450\build\modules\cudaimgproc\CMakeFiles\cuda_compile_1.dir\src\cuda\$(Configuration)\cuda_compile_1_generated_hist.cu.obj">
      <Filter>Object Files</Filter>
    </Object>
    <Object Include="D:\LIB\opencv\opencv450\build\modules\cudaimgproc\CMakeFiles\cuda_compile_1.dir\src\cuda\$(Configuration)\cuda_compile_1_generated_hough_circles.cu.obj">
      <Filter>Object Files</Filter>
    </Object>
    <Object Include="D:\LIB\opencv\opencv450\build\modules\cudaimgproc\CMakeFiles\cuda_compile_1.dir\src\cuda\$(Configuration)\cuda_compile_1_generated_hough_lines.cu.obj">
      <Filter>Object Files</Filter>
    </Object>
    <Object Include="D:\LIB\opencv\opencv450\build\modules\cudaimgproc\CMakeFiles\cuda_compile_1.dir\src\cuda\$(Configuration)\cuda_compile_1_generated_hough_segments.cu.obj">
      <Filter>Object Files</Filter>
    </Object>
    <Object Include="D:\LIB\opencv\opencv450\build\modules\cudaimgproc\CMakeFiles\cuda_compile_1.dir\src\cuda\$(Configuration)\cuda_compile_1_generated_match_template.cu.obj">
      <Filter>Object Files</Filter>
    </Object>
    <Object Include="D:\LIB\opencv\opencv450\build\modules\cudaimgproc\CMakeFiles\cuda_compile_1.dir\src\cuda\$(Configuration)\cuda_compile_1_generated_mean_shift.cu.obj">
      <Filter>Object Files</Filter>
    </Object>
  </ItemGroup>
  <ItemGroup>
    <ResourceCompile Include="D:\LIB\opencv\opencv450\build\modules\cudaimgproc\vs_version.rc">
      <Filter>Src</Filter>
    </ResourceCompile>
  </ItemGroup>
  <ItemGroup>
    <Filter Include="Include">
      <UniqueIdentifier>{0F4E727C-A542-39DA-A5B7-B658528F0B6C}</UniqueIdentifier>
    </Filter>
    <Filter Include="Include\opencv2">
      <UniqueIdentifier>{8E98FA75-E5B5-3AD2-AC34-8A455A40CD7D}</UniqueIdentifier>
    </Filter>
    <Filter Include="Object Files">
      <UniqueIdentifier>{CF2C0D67-0984-375E-81D2-14F11AC637C5}</UniqueIdentifier>
    </Filter>
    <Filter Include="Source Files">
      <UniqueIdentifier>{CE12B7EF-4DE0-3097-AE17-93B2DA197F27}</UniqueIdentifier>
    </Filter>
    <Filter Include="Src">
      <UniqueIdentifier>{CD70F01E-A37A-31F4-9B99-9B18D6482D8A}</UniqueIdentifier>
    </Filter>
    <Filter Include="Src\Cuda">
      <UniqueIdentifier>{0FC17E9D-ADFB-3535-91A5-165771147D90}</UniqueIdentifier>
    </Filter>
  </ItemGroup>
</Project>
