<?xml version="1.0" encoding="utf-8"?>
<Project ToolsVersion="15.0" xmlns="http://schemas.microsoft.com/developer/msbuild/2003">
  <ItemGroup>
    <ClCompile Include="D:\LIB\opencv\opencv450\sources\modules\gapi\test\common\gapi_compoundkernel_tests.cpp">
      <Filter>Src\common</Filter>
    </ClCompile>
    <ClCompile Include="D:\LIB\opencv\opencv450\sources\modules\gapi\test\common\gapi_core_tests.cpp">
      <Filter>Src\common</Filter>
    </ClCompile>
    <ClCompile Include="D:\LIB\opencv\opencv450\sources\modules\gapi\test\common\gapi_imgproc_tests.cpp">
      <Filter>Src\common</Filter>
    </ClCompile>
    <ClCompile Include="D:\LIB\opencv\opencv450\sources\modules\gapi\test\common\gapi_operators_tests.cpp">
      <Filter>Src\common</Filter>
    </ClCompile>
    <ClCompile Include="D:\LIB\opencv\opencv450\sources\modules\gapi\test\common\gapi_render_tests.cpp">
      <Filter>Src\common</Filter>
    </ClCompile>
    <ClCompile Include="D:\LIB\opencv\opencv450\sources\modules\gapi\test\common\gapi_video_tests.cpp">
      <Filter>Src\common</Filter>
    </ClCompile>
    <ClCompile Include="D:\LIB\opencv\opencv450\sources\modules\gapi\test\cpu\gapi_core_tests_cpu.cpp">
      <Filter>Src\cpu</Filter>
    </ClCompile>
    <ClCompile Include="D:\LIB\opencv\opencv450\sources\modules\gapi\test\cpu\gapi_core_tests_fluid.cpp">
      <Filter>Src\cpu</Filter>
    </ClCompile>
    <ClCompile Include="D:\LIB\opencv\opencv450\sources\modules\gapi\test\cpu\gapi_imgproc_tests_cpu.cpp">
      <Filter>Src\cpu</Filter>
    </ClCompile>
    <ClCompile Include="D:\LIB\opencv\opencv450\sources\modules\gapi\test\cpu\gapi_imgproc_tests_fluid.cpp">
      <Filter>Src\cpu</Filter>
    </ClCompile>
    <ClCompile Include="D:\LIB\opencv\opencv450\sources\modules\gapi\test\cpu\gapi_ocv_stateful_kernel_tests.cpp">
      <Filter>Src\cpu</Filter>
    </ClCompile>
    <ClCompile Include="D:\LIB\opencv\opencv450\sources\modules\gapi\test\cpu\gapi_operators_tests_cpu.cpp">
      <Filter>Src\cpu</Filter>
    </ClCompile>
    <ClCompile Include="D:\LIB\opencv\opencv450\sources\modules\gapi\test\cpu\gapi_operators_tests_fluid.cpp">
      <Filter>Src\cpu</Filter>
    </ClCompile>
    <ClCompile Include="D:\LIB\opencv\opencv450\sources\modules\gapi\test\cpu\gapi_video_tests_cpu.cpp">
      <Filter>Src\cpu</Filter>
    </ClCompile>
    <ClCompile Include="D:\LIB\opencv\opencv450\sources\modules\gapi\test\gapi_array_tests.cpp">
      <Filter>Src</Filter>
    </ClCompile>
    <ClCompile Include="D:\LIB\opencv\opencv450\sources\modules\gapi\test\gapi_async_test.cpp">
      <Filter>Src</Filter>
    </ClCompile>
    <ClCompile Include="D:\LIB\opencv\opencv450\sources\modules\gapi\test\gapi_basic_hetero_tests.cpp">
      <Filter>Src</Filter>
    </ClCompile>
    <ClCompile Include="D:\LIB\opencv\opencv450\sources\modules\gapi\test\gapi_compile_args_tests.cpp">
      <Filter>Src</Filter>
    </ClCompile>
    <ClCompile Include="D:\LIB\opencv\opencv450\sources\modules\gapi\test\gapi_desc_tests.cpp">
      <Filter>Src</Filter>
    </ClCompile>
    <ClCompile Include="D:\LIB\opencv\opencv450\sources\modules\gapi\test\gapi_fluid_parallel_rois_test.cpp">
      <Filter>Src</Filter>
    </ClCompile>
    <ClCompile Include="D:\LIB\opencv\opencv450\sources\modules\gapi\test\gapi_fluid_resize_test.cpp">
      <Filter>Src</Filter>
    </ClCompile>
    <ClCompile Include="D:\LIB\opencv\opencv450\sources\modules\gapi\test\gapi_fluid_roi_test.cpp">
      <Filter>Src</Filter>
    </ClCompile>
    <ClCompile Include="D:\LIB\opencv\opencv450\sources\modules\gapi\test\gapi_fluid_test.cpp">
      <Filter>Src</Filter>
    </ClCompile>
    <ClCompile Include="D:\LIB\opencv\opencv450\sources\modules\gapi\test\gapi_fluid_test_kernels.cpp">
      <Filter>Src</Filter>
    </ClCompile>
    <ClCompile Include="D:\LIB\opencv\opencv450\sources\modules\gapi\test\gapi_frame_tests.cpp">
      <Filter>Src</Filter>
    </ClCompile>
    <ClCompile Include="D:\LIB\opencv\opencv450\sources\modules\gapi\test\gapi_gcompiled_tests.cpp">
      <Filter>Src</Filter>
    </ClCompile>
    <ClCompile Include="D:\LIB\opencv\opencv450\sources\modules\gapi\test\gapi_gcomputation_tests.cpp">
      <Filter>Src</Filter>
    </ClCompile>
    <ClCompile Include="D:\LIB\opencv\opencv450\sources\modules\gapi\test\gapi_gpu_test.cpp">
      <Filter>Src</Filter>
    </ClCompile>
    <ClCompile Include="D:\LIB\opencv\opencv450\sources\modules\gapi\test\gapi_kernel_tests.cpp">
      <Filter>Src</Filter>
    </ClCompile>
    <ClCompile Include="D:\LIB\opencv\opencv450\sources\modules\gapi\test\gapi_opaque_tests.cpp">
      <Filter>Src</Filter>
    </ClCompile>
    <ClCompile Include="D:\LIB\opencv\opencv450\sources\modules\gapi\test\gapi_plaidml_pipelines.cpp">
      <Filter>Src</Filter>
    </ClCompile>
    <ClCompile Include="D:\LIB\opencv\opencv450\sources\modules\gapi\test\gapi_planar_test.cpp">
      <Filter>Src</Filter>
    </ClCompile>
    <ClCompile Include="D:\LIB\opencv\opencv450\sources\modules\gapi\test\gapi_sample_pipelines.cpp">
      <Filter>Src</Filter>
    </ClCompile>
    <ClCompile Include="D:\LIB\opencv\opencv450\sources\modules\gapi\test\gapi_scalar_tests.cpp">
      <Filter>Src</Filter>
    </ClCompile>
    <ClCompile Include="D:\LIB\opencv\opencv450\sources\modules\gapi\test\gapi_smoke_test.cpp">
      <Filter>Src</Filter>
    </ClCompile>
    <ClCompile Include="D:\LIB\opencv\opencv450\sources\modules\gapi\test\gapi_transform_tests.cpp">
      <Filter>Src</Filter>
    </ClCompile>
    <ClCompile Include="D:\LIB\opencv\opencv450\sources\modules\gapi\test\gapi_typed_tests.cpp">
      <Filter>Src</Filter>
    </ClCompile>
    <ClCompile Include="D:\LIB\opencv\opencv450\sources\modules\gapi\test\gapi_util_tests.cpp">
      <Filter>Src</Filter>
    </ClCompile>
    <ClCompile Include="D:\LIB\opencv\opencv450\sources\modules\gapi\test\gpu\gapi_core_tests_gpu.cpp">
      <Filter>Src\gpu</Filter>
    </ClCompile>
    <ClCompile Include="D:\LIB\opencv\opencv450\sources\modules\gapi\test\gpu\gapi_imgproc_tests_gpu.cpp">
      <Filter>Src\gpu</Filter>
    </ClCompile>
    <ClCompile Include="D:\LIB\opencv\opencv450\sources\modules\gapi\test\gpu\gapi_operators_tests_gpu.cpp">
      <Filter>Src\gpu</Filter>
    </ClCompile>
    <ClCompile Include="D:\LIB\opencv\opencv450\sources\modules\gapi\test\infer\gapi_infer_ie_test.cpp">
      <Filter>Src\infer</Filter>
    </ClCompile>
    <ClCompile Include="D:\LIB\opencv\opencv450\sources\modules\gapi\test\infer\gapi_infer_tests.cpp">
      <Filter>Src\infer</Filter>
    </ClCompile>
    <ClCompile Include="D:\LIB\opencv\opencv450\sources\modules\gapi\test\internal\gapi_int_backend_tests.cpp">
      <Filter>Src\internal</Filter>
    </ClCompile>
    <ClCompile Include="D:\LIB\opencv\opencv450\sources\modules\gapi\test\internal\gapi_int_dynamic_graph.cpp">
      <Filter>Src\internal</Filter>
    </ClCompile>
    <ClCompile Include="D:\LIB\opencv\opencv450\sources\modules\gapi\test\internal\gapi_int_executor_tests.cpp">
      <Filter>Src\internal</Filter>
    </ClCompile>
    <ClCompile Include="D:\LIB\opencv\opencv450\sources\modules\gapi\test\internal\gapi_int_garg_test.cpp">
      <Filter>Src\internal</Filter>
    </ClCompile>
    <ClCompile Include="D:\LIB\opencv\opencv450\sources\modules\gapi\test\internal\gapi_int_gmetaarg_test.cpp">
      <Filter>Src\internal</Filter>
    </ClCompile>
    <ClCompile Include="D:\LIB\opencv\opencv450\sources\modules\gapi\test\internal\gapi_int_gmodel_builder_test.cpp">
      <Filter>Src\internal</Filter>
    </ClCompile>
    <ClCompile Include="D:\LIB\opencv\opencv450\sources\modules\gapi\test\internal\gapi_int_island_fusion_tests.cpp">
      <Filter>Src\internal</Filter>
    </ClCompile>
    <ClCompile Include="D:\LIB\opencv\opencv450\sources\modules\gapi\test\internal\gapi_int_island_tests.cpp">
      <Filter>Src\internal</Filter>
    </ClCompile>
    <ClCompile Include="D:\LIB\opencv\opencv450\sources\modules\gapi\test\internal\gapi_int_pattern_matching_test.cpp">
      <Filter>Src\internal</Filter>
    </ClCompile>
    <ClCompile Include="D:\LIB\opencv\opencv450\sources\modules\gapi\test\internal\gapi_int_perform_substitution_test.cpp">
      <Filter>Src\internal</Filter>
    </ClCompile>
    <ClCompile Include="D:\LIB\opencv\opencv450\sources\modules\gapi\test\internal\gapi_int_proto_tests.cpp">
      <Filter>Src\internal</Filter>
    </ClCompile>
    <ClCompile Include="D:\LIB\opencv\opencv450\sources\modules\gapi\test\internal\gapi_int_recompilation_test.cpp">
      <Filter>Src\internal</Filter>
    </ClCompile>
    <ClCompile Include="D:\LIB\opencv\opencv450\sources\modules\gapi\test\internal\gapi_int_vectorref_test.cpp">
      <Filter>Src\internal</Filter>
    </ClCompile>
    <ClCompile Include="D:\LIB\opencv\opencv450\sources\modules\gapi\test\internal\gapi_transactions_test.cpp">
      <Filter>Src\internal</Filter>
    </ClCompile>
    <ClCompile Include="D:\LIB\opencv\opencv450\sources\modules\gapi\test\own\conc_queue_tests.cpp">
      <Filter>Src\own</Filter>
    </ClCompile>
    <ClCompile Include="D:\LIB\opencv\opencv450\sources\modules\gapi\test\own\gapi_types_tests.cpp">
      <Filter>Src\own</Filter>
    </ClCompile>
    <ClCompile Include="D:\LIB\opencv\opencv450\sources\modules\gapi\test\own\mat_tests.cpp">
      <Filter>Src\own</Filter>
    </ClCompile>
    <ClCompile Include="D:\LIB\opencv\opencv450\sources\modules\gapi\test\own\scalar_tests.cpp">
      <Filter>Src\own</Filter>
    </ClCompile>
    <ClCompile Include="D:\LIB\opencv\opencv450\sources\modules\gapi\test\render\ftp_render_test.cpp">
      <Filter>Src\render</Filter>
    </ClCompile>
    <ClCompile Include="D:\LIB\opencv\opencv450\sources\modules\gapi\test\render\gapi_render_tests_ocv.cpp">
      <Filter>Src\render</Filter>
    </ClCompile>
    <ClCompile Include="D:\LIB\opencv\opencv450\sources\modules\gapi\test\rmat\rmat_integration_tests.cpp">
      <Filter>Src\rmat</Filter>
    </ClCompile>
    <ClCompile Include="D:\LIB\opencv\opencv450\sources\modules\gapi\test\rmat\rmat_tests.cpp">
      <Filter>Src\rmat</Filter>
    </ClCompile>
    <ClCompile Include="D:\LIB\opencv\opencv450\sources\modules\gapi\test\rmat\rmat_view_tests.cpp">
      <Filter>Src\rmat</Filter>
    </ClCompile>
    <ClCompile Include="D:\LIB\opencv\opencv450\sources\modules\gapi\test\s11n\gapi_s11n_tests.cpp">
      <Filter>Src\s11n</Filter>
    </ClCompile>
    <ClCompile Include="D:\LIB\opencv\opencv450\sources\modules\gapi\test\s11n\gapi_sample_pipelines_s11n.cpp">
      <Filter>Src\s11n</Filter>
    </ClCompile>
    <ClCompile Include="D:\LIB\opencv\opencv450\sources\modules\gapi\test\streaming\gapi_streaming_tests.cpp">
      <Filter>Src\streaming</Filter>
    </ClCompile>
    <ClCompile Include="D:\LIB\opencv\opencv450\sources\modules\gapi\test\test_main.cpp">
      <Filter>Src</Filter>
    </ClCompile>
    <ClCompile Include="D:\LIB\opencv\opencv450\sources\modules\gapi\test\util\any_tests.cpp">
      <Filter>Src\util</Filter>
    </ClCompile>
    <ClCompile Include="D:\LIB\opencv\opencv450\sources\modules\gapi\test\util\optional_tests.cpp">
      <Filter>Src\util</Filter>
    </ClCompile>
    <ClCompile Include="D:\LIB\opencv\opencv450\sources\modules\gapi\test\util\variant_tests.cpp">
      <Filter>Src\util</Filter>
    </ClCompile>
    <ClCompile Include="D:\LIB\opencv\opencv450\build\modules\gapi\opencv_test_gapi_pch.cpp">
      <Filter>Src</Filter>
    </ClCompile>
  </ItemGroup>
  <ItemGroup>
    <ClInclude Include="D:\LIB\opencv\opencv450\sources\modules\gapi\test\common\gapi_core_tests.hpp">
      <Filter>Include\common</Filter>
    </ClInclude>
    <ClInclude Include="D:\LIB\opencv\opencv450\sources\modules\gapi\test\common\gapi_core_tests_inl.hpp">
      <Filter>Include\common</Filter>
    </ClInclude>
    <ClInclude Include="D:\LIB\opencv\opencv450\sources\modules\gapi\test\common\gapi_imgproc_tests.hpp">
      <Filter>Include\common</Filter>
    </ClInclude>
    <ClInclude Include="D:\LIB\opencv\opencv450\sources\modules\gapi\test\common\gapi_imgproc_tests_inl.hpp">
      <Filter>Include\common</Filter>
    </ClInclude>
    <ClInclude Include="D:\LIB\opencv\opencv450\sources\modules\gapi\test\common\gapi_operators_tests.hpp">
      <Filter>Include\common</Filter>
    </ClInclude>
    <ClInclude Include="D:\LIB\opencv\opencv450\sources\modules\gapi\test\common\gapi_operators_tests_inl.hpp">
      <Filter>Include\common</Filter>
    </ClInclude>
    <ClInclude Include="D:\LIB\opencv\opencv450\sources\modules\gapi\test\common\gapi_parsers_tests_common.hpp">
      <Filter>Include\common</Filter>
    </ClInclude>
    <ClInclude Include="D:\LIB\opencv\opencv450\sources\modules\gapi\test\common\gapi_render_tests.hpp">
      <Filter>Include\common</Filter>
    </ClInclude>
    <ClInclude Include="D:\LIB\opencv\opencv450\sources\modules\gapi\test\common\gapi_tests_common.hpp">
      <Filter>Include\common</Filter>
    </ClInclude>
    <ClInclude Include="D:\LIB\opencv\opencv450\sources\modules\gapi\test\common\gapi_tests_helpers.hpp">
      <Filter>Include\common</Filter>
    </ClInclude>
    <ClInclude Include="D:\LIB\opencv\opencv450\sources\modules\gapi\test\common\gapi_video_tests.hpp">
      <Filter>Include\common</Filter>
    </ClInclude>
    <ClInclude Include="D:\LIB\opencv\opencv450\sources\modules\gapi\test\common\gapi_video_tests_common.hpp">
      <Filter>Include\common</Filter>
    </ClInclude>
    <ClInclude Include="D:\LIB\opencv\opencv450\sources\modules\gapi\test\common\gapi_video_tests_inl.hpp">
      <Filter>Include\common</Filter>
    </ClInclude>
    <ClInclude Include="D:\LIB\opencv\opencv450\sources\modules\gapi\test\cpu\gapi_ocv_stateful_kernel_test_utils.hpp">
      <Filter>Include\cpu</Filter>
    </ClInclude>
    <ClInclude Include="D:\LIB\opencv\opencv450\sources\modules\gapi\test\gapi_fluid_test_kernels.hpp">
      <Filter>Include</Filter>
    </ClInclude>
    <ClInclude Include="D:\LIB\opencv\opencv450\sources\modules\gapi\test\gapi_mock_kernels.hpp">
      <Filter>Include</Filter>
    </ClInclude>
    <ClInclude Include="D:\LIB\opencv\opencv450\sources\modules\gapi\test\opencl_kernels_test_gapi.hpp">
      <Filter>Include</Filter>
    </ClInclude>
    <ClInclude Include="D:\LIB\opencv\opencv450\sources\modules\gapi\test\rmat\rmat_test_common.hpp">
      <Filter>Include\rmat</Filter>
    </ClInclude>
    <ClInclude Include="D:\LIB\opencv\opencv450\sources\modules\gapi\test\test_precomp.hpp">
      <Filter>Include</Filter>
    </ClInclude>
  </ItemGroup>
  <ItemGroup>
    <CustomBuild Include="D:\LIB\opencv\opencv450\sources\modules\gapi\CMakeLists.txt" />
  </ItemGroup>
  <ItemGroup>
    <Filter Include="Include">
      <UniqueIdentifier>{0F4E727C-A542-39DA-A5B7-B658528F0B6C}</UniqueIdentifier>
    </Filter>
    <Filter Include="Include\common">
      <UniqueIdentifier>{49CD6D30-39C0-3954-BCE0-82AB92CDED55}</UniqueIdentifier>
    </Filter>
    <Filter Include="Include\cpu">
      <UniqueIdentifier>{E727FC23-D3C7-3B22-A1B5-F4D97FED2395}</UniqueIdentifier>
    </Filter>
    <Filter Include="Include\rmat">
      <UniqueIdentifier>{8A76DD3B-76EE-3B5F-97E6-E49FCB9837EC}</UniqueIdentifier>
    </Filter>
    <Filter Include="Src">
      <UniqueIdentifier>{CD70F01E-A37A-31F4-9B99-9B18D6482D8A}</UniqueIdentifier>
    </Filter>
    <Filter Include="Src\common">
      <UniqueIdentifier>{CFA63766-1497-35C8-AD6F-8C2CA9449CC1}</UniqueIdentifier>
    </Filter>
    <Filter Include="Src\cpu">
      <UniqueIdentifier>{BFDC62F7-46C4-387F-9786-07F0485299FD}</UniqueIdentifier>
    </Filter>
    <Filter Include="Src\gpu">
      <UniqueIdentifier>{D7A3259F-82B9-31D0-93F8-1BE69364819D}</UniqueIdentifier>
    </Filter>
    <Filter Include="Src\infer">
      <UniqueIdentifier>{4769C3E5-5608-3559-95BC-CABF98AE5054}</UniqueIdentifier>
    </Filter>
    <Filter Include="Src\internal">
      <UniqueIdentifier>{9CBB4976-2740-3FEB-8EF3-B13C0C10CF8B}</UniqueIdentifier>
    </Filter>
    <Filter Include="Src\own">
      <UniqueIdentifier>{F4E39739-B0D6-38FD-A12E-5DC5D31114CF}</UniqueIdentifier>
    </Filter>
    <Filter Include="Src\render">
      <UniqueIdentifier>{BE07D8D2-9261-3D36-841C-E9E0C74A70B8}</UniqueIdentifier>
    </Filter>
    <Filter Include="Src\rmat">
      <UniqueIdentifier>{19140AD0-2CF1-377A-A52D-D8B1E7A71E9A}</UniqueIdentifier>
    </Filter>
    <Filter Include="Src\s11n">
      <UniqueIdentifier>{8CE3E9AA-205F-367E-B2C7-1ECF23ECF8EE}</UniqueIdentifier>
    </Filter>
    <Filter Include="Src\streaming">
      <UniqueIdentifier>{C95C39F2-5FEA-39B5-8B07-0551FD3B443C}</UniqueIdentifier>
    </Filter>
    <Filter Include="Src\util">
      <UniqueIdentifier>{B11C58F6-F896-3B3F-ADB8-D92B374F64C8}</UniqueIdentifier>
    </Filter>
  </ItemGroup>
</Project>
