<?xml version="1.0" encoding="utf-8"?>
<Project ToolsVersion="15.0" xmlns="http://schemas.microsoft.com/developer/msbuild/2003">
  <ItemGroup>
    <ClCompile Include="D:\LIB\opencv\opencv450\sources\modules\ts\src\cuda_perf.cpp">
      <Filter>Src</Filter>
    </ClCompile>
    <ClCompile Include="D:\LIB\opencv\opencv450\sources\modules\ts\src\cuda_test.cpp">
      <Filter>Src</Filter>
    </ClCompile>
    <ClCompile Include="D:\LIB\opencv\opencv450\sources\modules\ts\src\ocl_perf.cpp">
      <Filter>Src</Filter>
    </ClCompile>
    <ClCompile Include="D:\LIB\opencv\opencv450\sources\modules\ts\src\ocl_test.cpp">
      <Filter>Src</Filter>
    </ClCompile>
    <ClCompile Include="D:\LIB\opencv\opencv450\sources\modules\ts\src\ts.cpp">
      <Filter>Src</Filter>
    </ClCompile>
    <ClCompile Include="D:\LIB\opencv\opencv450\sources\modules\ts\src\ts_arrtest.cpp">
      <Filter>Src</Filter>
    </ClCompile>
    <ClCompile Include="D:\LIB\opencv\opencv450\sources\modules\ts\src\ts_func.cpp">
      <Filter>Src</Filter>
    </ClCompile>
    <ClCompile Include="D:\LIB\opencv\opencv450\sources\modules\ts\src\ts_gtest.cpp">
      <Filter>Src</Filter>
    </ClCompile>
    <ClCompile Include="D:\LIB\opencv\opencv450\sources\modules\ts\src\ts_perf.cpp">
      <Filter>Src</Filter>
    </ClCompile>
    <ClCompile Include="D:\LIB\opencv\opencv450\sources\modules\ts\src\ts_tags.cpp">
      <Filter>Src</Filter>
    </ClCompile>
    <ClCompile Include="D:\LIB\opencv\opencv450\build\modules\ts\opencv_ts_pch.cpp">
      <Filter>Src</Filter>
    </ClCompile>
  </ItemGroup>
  <ItemGroup>
    <ClInclude Include="D:\LIB\opencv\opencv450\sources\modules\ts\include\opencv2\ts.hpp">
      <Filter>Include\opencv2</Filter>
    </ClInclude>
    <ClInclude Include="D:\LIB\opencv\opencv450\sources\modules\ts\include\opencv2\ts\cuda_perf.hpp">
      <Filter>Include\opencv2\ts</Filter>
    </ClInclude>
    <ClInclude Include="D:\LIB\opencv\opencv450\sources\modules\ts\include\opencv2\ts\cuda_test.hpp">
      <Filter>Include\opencv2\ts</Filter>
    </ClInclude>
    <ClInclude Include="D:\LIB\opencv\opencv450\sources\modules\ts\include\opencv2\ts\ocl_perf.hpp">
      <Filter>Include\opencv2\ts</Filter>
    </ClInclude>
    <ClInclude Include="D:\LIB\opencv\opencv450\sources\modules\ts\include\opencv2\ts\ocl_test.hpp">
      <Filter>Include\opencv2\ts</Filter>
    </ClInclude>
    <ClInclude Include="D:\LIB\opencv\opencv450\sources\modules\ts\include\opencv2\ts\ts_ext.hpp">
      <Filter>Include\opencv2\ts</Filter>
    </ClInclude>
    <ClInclude Include="D:\LIB\opencv\opencv450\sources\modules\ts\include\opencv2\ts\ts_gtest.h">
      <Filter>Include\opencv2\ts</Filter>
    </ClInclude>
    <ClInclude Include="D:\LIB\opencv\opencv450\sources\modules\ts\include\opencv2\ts\ts_perf.hpp">
      <Filter>Include\opencv2\ts</Filter>
    </ClInclude>
    <ClInclude Include="D:\LIB\opencv\opencv450\sources\modules\ts\src\precomp.hpp">
      <Filter>Src</Filter>
    </ClInclude>
    <ClInclude Include="D:\LIB\opencv\opencv450\sources\modules\ts\src\ts_tags.hpp">
      <Filter>Src</Filter>
    </ClInclude>
    <ClInclude Include="D:\LIB\opencv\opencv450\build\cvconfig.h">
      <Filter>Include</Filter>
    </ClInclude>
    <ClInclude Include="D:\LIB\opencv\opencv450\build\opencv2\opencv_modules.hpp">
      <Filter>Include</Filter>
    </ClInclude>
  </ItemGroup>
  <ItemGroup>
    <Filter Include="Include">
      <UniqueIdentifier>{0F4E727C-A542-39DA-A5B7-B658528F0B6C}</UniqueIdentifier>
    </Filter>
    <Filter Include="Include\opencv2">
      <UniqueIdentifier>{8E98FA75-E5B5-3AD2-AC34-8A455A40CD7D}</UniqueIdentifier>
    </Filter>
    <Filter Include="Include\opencv2\ts">
      <UniqueIdentifier>{6DDC3479-16C5-3E5E-B278-43A7D8B5E2D0}</UniqueIdentifier>
    </Filter>
    <Filter Include="Src">
      <UniqueIdentifier>{CD70F01E-A37A-31F4-9B99-9B18D6482D8A}</UniqueIdentifier>
    </Filter>
  </ItemGroup>
</Project>
