
Microsoft Visual Studio Solution File, Format Version 12.00
# Visual Studio 15
Project("{2150E333-8FDC-42A3-9474-1A3956D46DE8}") = "3rdparty", "3rdparty", "{F73AC2E0-3B59-3B7D-8E91-5FF876EAD60C}"
EndProject
Project("{2150E333-8FDC-42A3-9474-1A3956D46DE8}") = "CMakeTargets", "CMakeTargets", "{94D5F2CB-D387-3866-AED7-F052C81D2FBE}"
EndProject
Project("{2150E333-8FDC-42A3-9474-1A3956D46DE8}") = "dispatched", "dispatched", "{ADD09E68-A77F-3B96-B5C1-CC81FA25B1BA}"
EndProject
Project("{2150E333-8FDC-42A3-9474-1A3956D46DE8}") = "modules", "modules", "{4821B747-B0E3-3FD0-876C-E78E7EB0FB3D}"
EndProject
Project("{8BC9CEB8-8B4A-11D0-8D11-00A0C91BC942}") = "ALL_BUILD", "ALL_BUILD.vcxproj", "{DA189172-5FE9-3F2F-BA0D-C85F6B05940E}"
	ProjectSection(ProjectDependencies) = postProject
		{503C26DA-D50C-33F3-B49B-D978EB7C330C} = {503C26DA-D50C-33F3-B49B-D978EB7C330C}
	EndProjectSection
EndProject
Project("{8BC9CEB8-8B4A-11D0-8D11-00A0C91BC942}") = "INSTALL", "INSTALL.vcxproj", "{8F7C0823-DCB9-31BB-92B9-6F18B1AEA515}"
	ProjectSection(ProjectDependencies) = postProject
		{DA189172-5FE9-3F2F-BA0D-C85F6B05940E} = {DA189172-5FE9-3F2F-BA0D-C85F6B05940E}
	EndProjectSection
EndProject
Project("{8BC9CEB8-8B4A-11D0-8D11-00A0C91BC942}") = "PACKAGE", "PACKAGE.vcxproj", "{E92C879B-984C-3AF8-911F-A206D3ED7DD7}"
	ProjectSection(ProjectDependencies) = postProject
		{DA189172-5FE9-3F2F-BA0D-C85F6B05940E} = {DA189172-5FE9-3F2F-BA0D-C85F6B05940E}
	EndProjectSection
EndProject
Project("{8BC9CEB8-8B4A-11D0-8D11-00A0C91BC942}") = "RUN_TESTS", "RUN_TESTS.vcxproj", "{9077BAD6-5545-3D41-910E-62FA6EA5D3EF}"
	ProjectSection(ProjectDependencies) = postProject
	EndProjectSection
EndProject
Project("{8BC9CEB8-8B4A-11D0-8D11-00A0C91BC942}") = "ippiw", "..\..\3rdparty\ippiw\ippiw.vcxproj", "{ECEA50E7-4EFC-346A-9D42-4ED01CA96DA0}"
	ProjectSection(ProjectDependencies) = postProject
	EndProjectSection
EndProject
Project("{8BC9CEB8-8B4A-11D0-8D11-00A0C91BC942}") = "ittnotify", "..\..\3rdparty\ittnotify\ittnotify.vcxproj", "{49744A82-746F-32AF-89B4-0F1928B6DD43}"
	ProjectSection(ProjectDependencies) = postProject
	EndProjectSection
EndProject
Project("{8BC9CEB8-8B4A-11D0-8D11-00A0C91BC942}") = "libjpeg-turbo", "..\..\3rdparty\libjpeg-turbo\libjpeg-turbo.vcxproj", "{47342378-2353-3676-B3C4-08FAA8A166AD}"
	ProjectSection(ProjectDependencies) = postProject
	EndProjectSection
EndProject
Project("{8BC9CEB8-8B4A-11D0-8D11-00A0C91BC942}") = "libopenjp2", "..\..\3rdparty\openjpeg\openjp2\libopenjp2.vcxproj", "{2DDB8E6F-D6EE-3C12-A7E0-DBF3AB4F7CBA}"
	ProjectSection(ProjectDependencies) = postProject
	EndProjectSection
EndProject
Project("{8BC9CEB8-8B4A-11D0-8D11-00A0C91BC942}") = "libpng", "..\..\3rdparty\libpng\libpng.vcxproj", "{D8B0CAC0-8501-39BD-8731-3DE10779E5B9}"
	ProjectSection(ProjectDependencies) = postProject
		{62693FEB-1C7A-3AB0-9E05-73E003866D2C} = {62693FEB-1C7A-3AB0-9E05-73E003866D2C}
	EndProjectSection
EndProject
Project("{8BC9CEB8-8B4A-11D0-8D11-00A0C91BC942}") = "libtiff", "..\..\3rdparty\libtiff\libtiff.vcxproj", "{7D1DBA4B-2AB5-3B2B-956D-BF17D4DFB1BE}"
	ProjectSection(ProjectDependencies) = postProject
		{62693FEB-1C7A-3AB0-9E05-73E003866D2C} = {62693FEB-1C7A-3AB0-9E05-73E003866D2C}
	EndProjectSection
EndProject
Project("{8BC9CEB8-8B4A-11D0-8D11-00A0C91BC942}") = "libwebp", "..\..\3rdparty\libwebp\libwebp.vcxproj", "{90082C75-5419-314D-B8C4-D9090F9293FA}"
	ProjectSection(ProjectDependencies) = postProject
	EndProjectSection
EndProject
Project("{8BC9CEB8-8B4A-11D0-8D11-00A0C91BC942}") = "opencv_calib3d", "..\calib3d\opencv_calib3d.vcxproj", "{5C9ECDC3-1FD9-39D9-846B-C8FEE3DDB7CD}"
	ProjectSection(ProjectDependencies) = postProject
		{ECEA50E7-4EFC-346A-9D42-4ED01CA96DA0} = {ECEA50E7-4EFC-346A-9D42-4ED01CA96DA0}
		{CF033D5C-786C-35CB-8E6A-3C9778A37B96} = {CF033D5C-786C-35CB-8E6A-3C9778A37B96}
		{26820A44-4B84-3AD3-A82C-3BB5CC597915} = {26820A44-4B84-3AD3-A82C-3BB5CC597915}
		{C8BD5CF9-F46D-3593-8000-AF87086BDCED} = {C8BD5CF9-F46D-3593-8000-AF87086BDCED}
		{F14C2E5E-E346-3B79-98B4-F42959690F06} = {F14C2E5E-E346-3B79-98B4-F42959690F06}
		{A78F35E9-AA3E-3148-ACC4-8DFAA61AB0B0} = {A78F35E9-AA3E-3148-ACC4-8DFAA61AB0B0}
		{2989009F-683B-3056-8726-9FD2005880A4} = {2989009F-683B-3056-8726-9FD2005880A4}
	EndProjectSection
EndProject
Project("{8BC9CEB8-8B4A-11D0-8D11-00A0C91BC942}") = "opencv_calib3d_AVX2", "..\calib3d\opencv_calib3d_AVX2.vcxproj", "{CF033D5C-786C-35CB-8E6A-3C9778A37B96}"
	ProjectSection(ProjectDependencies) = postProject
	EndProjectSection
EndProject
Project("{8BC9CEB8-8B4A-11D0-8D11-00A0C91BC942}") = "opencv_core", "..\core\opencv_core.vcxproj", "{26820A44-4B84-3AD3-A82C-3BB5CC597915}"
	ProjectSection(ProjectDependencies) = postProject
		{ECEA50E7-4EFC-346A-9D42-4ED01CA96DA0} = {ECEA50E7-4EFC-346A-9D42-4ED01CA96DA0}
		{49744A82-746F-32AF-89B4-0F1928B6DD43} = {49744A82-746F-32AF-89B4-0F1928B6DD43}
		{F45BD04F-9ACB-3C3B-9A94-72E72D1B6A0F} = {F45BD04F-9ACB-3C3B-9A94-72E72D1B6A0F}
		{042B7623-3FA4-35BC-BEF1-786CD13E3549} = {042B7623-3FA4-35BC-BEF1-786CD13E3549}
		{3F031C98-536B-34B3-ACE1-BB45E07C5DDD} = {3F031C98-536B-34B3-ACE1-BB45E07C5DDD}
		{3C72CEBA-1193-3392-9CD9-6CBF82B258FA} = {3C72CEBA-1193-3392-9CD9-6CBF82B258FA}
		{FF9CB596-7AEA-34EC-918A-DA42BDD7E8B6} = {FF9CB596-7AEA-34EC-918A-DA42BDD7E8B6}
		{C8BD5CF9-F46D-3593-8000-AF87086BDCED} = {C8BD5CF9-F46D-3593-8000-AF87086BDCED}
		{62693FEB-1C7A-3AB0-9E05-73E003866D2C} = {62693FEB-1C7A-3AB0-9E05-73E003866D2C}
	EndProjectSection
EndProject
Project("{8BC9CEB8-8B4A-11D0-8D11-00A0C91BC942}") = "opencv_core_AVX", "..\core\opencv_core_AVX.vcxproj", "{F45BD04F-9ACB-3C3B-9A94-72E72D1B6A0F}"
	ProjectSection(ProjectDependencies) = postProject
	EndProjectSection
EndProject
Project("{8BC9CEB8-8B4A-11D0-8D11-00A0C91BC942}") = "opencv_core_AVX2", "..\core\opencv_core_AVX2.vcxproj", "{042B7623-3FA4-35BC-BEF1-786CD13E3549}"
	ProjectSection(ProjectDependencies) = postProject
	EndProjectSection
EndProject
Project("{8BC9CEB8-8B4A-11D0-8D11-00A0C91BC942}") = "opencv_core_AVX512_SKX", "..\core\opencv_core_AVX512_SKX.vcxproj", "{3F031C98-536B-34B3-ACE1-BB45E07C5DDD}"
	ProjectSection(ProjectDependencies) = postProject
	EndProjectSection
EndProject
Project("{8BC9CEB8-8B4A-11D0-8D11-00A0C91BC942}") = "opencv_core_SSE4_1", "..\core\opencv_core_SSE4_1.vcxproj", "{3C72CEBA-1193-3392-9CD9-6CBF82B258FA}"
	ProjectSection(ProjectDependencies) = postProject
	EndProjectSection
EndProject
Project("{8BC9CEB8-8B4A-11D0-8D11-00A0C91BC942}") = "opencv_core_SSE4_2", "..\core\opencv_core_SSE4_2.vcxproj", "{FF9CB596-7AEA-34EC-918A-DA42BDD7E8B6}"
	ProjectSection(ProjectDependencies) = postProject
	EndProjectSection
EndProject
Project("{8BC9CEB8-8B4A-11D0-8D11-00A0C91BC942}") = "opencv_cudaarithm", "..\cudaarithm\opencv_cudaarithm.vcxproj", "{F3A13A99-A132-3750-9B4D-394C608EE5C3}"
	ProjectSection(ProjectDependencies) = postProject
		{ECEA50E7-4EFC-346A-9D42-4ED01CA96DA0} = {ECEA50E7-4EFC-346A-9D42-4ED01CA96DA0}
		{26820A44-4B84-3AD3-A82C-3BB5CC597915} = {26820A44-4B84-3AD3-A82C-3BB5CC597915}
		{C8BD5CF9-F46D-3593-8000-AF87086BDCED} = {C8BD5CF9-F46D-3593-8000-AF87086BDCED}
	EndProjectSection
EndProject
Project("{8BC9CEB8-8B4A-11D0-8D11-00A0C91BC942}") = "opencv_cudacodec", "..\cudacodec\opencv_cudacodec.vcxproj", "{9D610F16-271B-3B8A-AE83-1083CEEB2E2E}"
	ProjectSection(ProjectDependencies) = postProject
		{ECEA50E7-4EFC-346A-9D42-4ED01CA96DA0} = {ECEA50E7-4EFC-346A-9D42-4ED01CA96DA0}
		{26820A44-4B84-3AD3-A82C-3BB5CC597915} = {26820A44-4B84-3AD3-A82C-3BB5CC597915}
		{C8BD5CF9-F46D-3593-8000-AF87086BDCED} = {C8BD5CF9-F46D-3593-8000-AF87086BDCED}
		{B7EA3436-145A-37A3-AA8D-BC694C9B1F69} = {B7EA3436-145A-37A3-AA8D-BC694C9B1F69}
		{2989009F-683B-3056-8726-9FD2005880A4} = {2989009F-683B-3056-8726-9FD2005880A4}
		{578E90C5-8F5A-30F3-941F-F2E2338D1012} = {578E90C5-8F5A-30F3-941F-F2E2338D1012}
	EndProjectSection
EndProject
Project("{8BC9CEB8-8B4A-11D0-8D11-00A0C91BC942}") = "opencv_cudafilters", "..\cudafilters\opencv_cudafilters.vcxproj", "{DA01F59E-9825-3B65-9DCE-7C7650F600F8}"
	ProjectSection(ProjectDependencies) = postProject
		{ECEA50E7-4EFC-346A-9D42-4ED01CA96DA0} = {ECEA50E7-4EFC-346A-9D42-4ED01CA96DA0}
		{26820A44-4B84-3AD3-A82C-3BB5CC597915} = {26820A44-4B84-3AD3-A82C-3BB5CC597915}
		{F3A13A99-A132-3750-9B4D-394C608EE5C3} = {F3A13A99-A132-3750-9B4D-394C608EE5C3}
		{C8BD5CF9-F46D-3593-8000-AF87086BDCED} = {C8BD5CF9-F46D-3593-8000-AF87086BDCED}
		{2989009F-683B-3056-8726-9FD2005880A4} = {2989009F-683B-3056-8726-9FD2005880A4}
	EndProjectSection
EndProject
Project("{8BC9CEB8-8B4A-11D0-8D11-00A0C91BC942}") = "opencv_cudaimgproc", "..\cudaimgproc\opencv_cudaimgproc.vcxproj", "{A68943B5-7701-3D98-B492-7EB463BE22D9}"
	ProjectSection(ProjectDependencies) = postProject
		{ECEA50E7-4EFC-346A-9D42-4ED01CA96DA0} = {ECEA50E7-4EFC-346A-9D42-4ED01CA96DA0}
		{26820A44-4B84-3AD3-A82C-3BB5CC597915} = {26820A44-4B84-3AD3-A82C-3BB5CC597915}
		{F3A13A99-A132-3750-9B4D-394C608EE5C3} = {F3A13A99-A132-3750-9B4D-394C608EE5C3}
		{DA01F59E-9825-3B65-9DCE-7C7650F600F8} = {DA01F59E-9825-3B65-9DCE-7C7650F600F8}
		{C8BD5CF9-F46D-3593-8000-AF87086BDCED} = {C8BD5CF9-F46D-3593-8000-AF87086BDCED}
		{2989009F-683B-3056-8726-9FD2005880A4} = {2989009F-683B-3056-8726-9FD2005880A4}
	EndProjectSection
EndProject
Project("{8BC9CEB8-8B4A-11D0-8D11-00A0C91BC942}") = "opencv_cudalegacy", "..\cudalegacy\opencv_cudalegacy.vcxproj", "{C9DDF39A-3610-348A-AE15-EAEAE6CEC418}"
	ProjectSection(ProjectDependencies) = postProject
		{ECEA50E7-4EFC-346A-9D42-4ED01CA96DA0} = {ECEA50E7-4EFC-346A-9D42-4ED01CA96DA0}
		{5C9ECDC3-1FD9-39D9-846B-C8FEE3DDB7CD} = {5C9ECDC3-1FD9-39D9-846B-C8FEE3DDB7CD}
		{26820A44-4B84-3AD3-A82C-3BB5CC597915} = {26820A44-4B84-3AD3-A82C-3BB5CC597915}
		{F3A13A99-A132-3750-9B4D-394C608EE5C3} = {F3A13A99-A132-3750-9B4D-394C608EE5C3}
		{DA01F59E-9825-3B65-9DCE-7C7650F600F8} = {DA01F59E-9825-3B65-9DCE-7C7650F600F8}
		{A68943B5-7701-3D98-B492-7EB463BE22D9} = {A68943B5-7701-3D98-B492-7EB463BE22D9}
		{C8BD5CF9-F46D-3593-8000-AF87086BDCED} = {C8BD5CF9-F46D-3593-8000-AF87086BDCED}
		{F14C2E5E-E346-3B79-98B4-F42959690F06} = {F14C2E5E-E346-3B79-98B4-F42959690F06}
		{A78F35E9-AA3E-3148-ACC4-8DFAA61AB0B0} = {A78F35E9-AA3E-3148-ACC4-8DFAA61AB0B0}
		{2989009F-683B-3056-8726-9FD2005880A4} = {2989009F-683B-3056-8726-9FD2005880A4}
		{3A6D7D6B-49DD-3272-BFC0-C2C7CE79700E} = {3A6D7D6B-49DD-3272-BFC0-C2C7CE79700E}
		{9166A05A-43E2-3C3F-BA39-68771B02C655} = {9166A05A-43E2-3C3F-BA39-68771B02C655}
	EndProjectSection
EndProject
Project("{8BC9CEB8-8B4A-11D0-8D11-00A0C91BC942}") = "opencv_cudaoptflow", "..\cudaoptflow\opencv_cudaoptflow.vcxproj", "{0DDB8D85-BF1D-34B1-9D9C-C6BE1015627C}"
	ProjectSection(ProjectDependencies) = postProject
		{ECEA50E7-4EFC-346A-9D42-4ED01CA96DA0} = {ECEA50E7-4EFC-346A-9D42-4ED01CA96DA0}
		{5C9ECDC3-1FD9-39D9-846B-C8FEE3DDB7CD} = {5C9ECDC3-1FD9-39D9-846B-C8FEE3DDB7CD}
		{26820A44-4B84-3AD3-A82C-3BB5CC597915} = {26820A44-4B84-3AD3-A82C-3BB5CC597915}
		{F3A13A99-A132-3750-9B4D-394C608EE5C3} = {F3A13A99-A132-3750-9B4D-394C608EE5C3}
		{DA01F59E-9825-3B65-9DCE-7C7650F600F8} = {DA01F59E-9825-3B65-9DCE-7C7650F600F8}
		{A68943B5-7701-3D98-B492-7EB463BE22D9} = {A68943B5-7701-3D98-B492-7EB463BE22D9}
		{C9DDF39A-3610-348A-AE15-EAEAE6CEC418} = {C9DDF39A-3610-348A-AE15-EAEAE6CEC418}
		{33DEA5B3-D5F0-3120-932E-D43A05E37D02} = {33DEA5B3-D5F0-3120-932E-D43A05E37D02}
		{C8BD5CF9-F46D-3593-8000-AF87086BDCED} = {C8BD5CF9-F46D-3593-8000-AF87086BDCED}
		{F14C2E5E-E346-3B79-98B4-F42959690F06} = {F14C2E5E-E346-3B79-98B4-F42959690F06}
		{A78F35E9-AA3E-3148-ACC4-8DFAA61AB0B0} = {A78F35E9-AA3E-3148-ACC4-8DFAA61AB0B0}
		{B7EA3436-145A-37A3-AA8D-BC694C9B1F69} = {B7EA3436-145A-37A3-AA8D-BC694C9B1F69}
		{2989009F-683B-3056-8726-9FD2005880A4} = {2989009F-683B-3056-8726-9FD2005880A4}
		{3A6D7D6B-49DD-3272-BFC0-C2C7CE79700E} = {3A6D7D6B-49DD-3272-BFC0-C2C7CE79700E}
		{6B6EE1C3-CFBA-3783-A93B-4FB59E8FD103} = {6B6EE1C3-CFBA-3783-A93B-4FB59E8FD103}
		{9166A05A-43E2-3C3F-BA39-68771B02C655} = {9166A05A-43E2-3C3F-BA39-68771B02C655}
		{C78DEF6E-D1B2-3DBA-B679-B31856053798} = {C78DEF6E-D1B2-3DBA-B679-B31856053798}
	EndProjectSection
EndProject
Project("{8BC9CEB8-8B4A-11D0-8D11-00A0C91BC942}") = "opencv_cudawarping", "..\cudawarping\opencv_cudawarping.vcxproj", "{33DEA5B3-D5F0-3120-932E-D43A05E37D02}"
	ProjectSection(ProjectDependencies) = postProject
		{ECEA50E7-4EFC-346A-9D42-4ED01CA96DA0} = {ECEA50E7-4EFC-346A-9D42-4ED01CA96DA0}
		{26820A44-4B84-3AD3-A82C-3BB5CC597915} = {26820A44-4B84-3AD3-A82C-3BB5CC597915}
		{C8BD5CF9-F46D-3593-8000-AF87086BDCED} = {C8BD5CF9-F46D-3593-8000-AF87086BDCED}
		{2989009F-683B-3056-8726-9FD2005880A4} = {2989009F-683B-3056-8726-9FD2005880A4}
	EndProjectSection
EndProject
Project("{8BC9CEB8-8B4A-11D0-8D11-00A0C91BC942}") = "opencv_cudev", "..\cudev\opencv_cudev.vcxproj", "{C8BD5CF9-F46D-3593-8000-AF87086BDCED}"
	ProjectSection(ProjectDependencies) = postProject
		{ECEA50E7-4EFC-346A-9D42-4ED01CA96DA0} = {ECEA50E7-4EFC-346A-9D42-4ED01CA96DA0}
	EndProjectSection
EndProject
Project("{8BC9CEB8-8B4A-11D0-8D11-00A0C91BC942}") = "opencv_features2d", "..\features2d\opencv_features2d.vcxproj", "{F14C2E5E-E346-3B79-98B4-F42959690F06}"
	ProjectSection(ProjectDependencies) = postProject
		{ECEA50E7-4EFC-346A-9D42-4ED01CA96DA0} = {ECEA50E7-4EFC-346A-9D42-4ED01CA96DA0}
		{26820A44-4B84-3AD3-A82C-3BB5CC597915} = {26820A44-4B84-3AD3-A82C-3BB5CC597915}
		{C8BD5CF9-F46D-3593-8000-AF87086BDCED} = {C8BD5CF9-F46D-3593-8000-AF87086BDCED}
		{8CD41595-24F4-3FD0-B3CE-99C64C1B619A} = {8CD41595-24F4-3FD0-B3CE-99C64C1B619A}
		{6EB0CBAF-2C51-389E-BBCB-6296C8F8C2B4} = {6EB0CBAF-2C51-389E-BBCB-6296C8F8C2B4}
		{E64D6BB5-0C19-3351-8BA2-F01B83792574} = {E64D6BB5-0C19-3351-8BA2-F01B83792574}
		{A78F35E9-AA3E-3148-ACC4-8DFAA61AB0B0} = {A78F35E9-AA3E-3148-ACC4-8DFAA61AB0B0}
		{2989009F-683B-3056-8726-9FD2005880A4} = {2989009F-683B-3056-8726-9FD2005880A4}
	EndProjectSection
EndProject
Project("{8BC9CEB8-8B4A-11D0-8D11-00A0C91BC942}") = "opencv_features2d_AVX2", "..\features2d\opencv_features2d_AVX2.vcxproj", "{8CD41595-24F4-3FD0-B3CE-99C64C1B619A}"
	ProjectSection(ProjectDependencies) = postProject
	EndProjectSection
EndProject
Project("{8BC9CEB8-8B4A-11D0-8D11-00A0C91BC942}") = "opencv_features2d_AVX512_SKX", "..\features2d\opencv_features2d_AVX512_SKX.vcxproj", "{6EB0CBAF-2C51-389E-BBCB-6296C8F8C2B4}"
	ProjectSection(ProjectDependencies) = postProject
	EndProjectSection
EndProject
Project("{8BC9CEB8-8B4A-11D0-8D11-00A0C91BC942}") = "opencv_features2d_SSE4_1", "..\features2d\opencv_features2d_SSE4_1.vcxproj", "{E64D6BB5-0C19-3351-8BA2-F01B83792574}"
	ProjectSection(ProjectDependencies) = postProject
	EndProjectSection
EndProject
Project("{8BC9CEB8-8B4A-11D0-8D11-00A0C91BC942}") = "opencv_flann", "..\flann\opencv_flann.vcxproj", "{A78F35E9-AA3E-3148-ACC4-8DFAA61AB0B0}"
	ProjectSection(ProjectDependencies) = postProject
		{ECEA50E7-4EFC-346A-9D42-4ED01CA96DA0} = {ECEA50E7-4EFC-346A-9D42-4ED01CA96DA0}
		{26820A44-4B84-3AD3-A82C-3BB5CC597915} = {26820A44-4B84-3AD3-A82C-3BB5CC597915}
		{C8BD5CF9-F46D-3593-8000-AF87086BDCED} = {C8BD5CF9-F46D-3593-8000-AF87086BDCED}
	EndProjectSection
EndProject
Project("{8BC9CEB8-8B4A-11D0-8D11-00A0C91BC942}") = "opencv_imgcodecs", "..\imgcodecs\opencv_imgcodecs.vcxproj", "{B7EA3436-145A-37A3-AA8D-BC694C9B1F69}"
	ProjectSection(ProjectDependencies) = postProject
		{ECEA50E7-4EFC-346A-9D42-4ED01CA96DA0} = {ECEA50E7-4EFC-346A-9D42-4ED01CA96DA0}
		{47342378-2353-3676-B3C4-08FAA8A166AD} = {47342378-2353-3676-B3C4-08FAA8A166AD}
		{2DDB8E6F-D6EE-3C12-A7E0-DBF3AB4F7CBA} = {2DDB8E6F-D6EE-3C12-A7E0-DBF3AB4F7CBA}
		{D8B0CAC0-8501-39BD-8731-3DE10779E5B9} = {D8B0CAC0-8501-39BD-8731-3DE10779E5B9}
		{7D1DBA4B-2AB5-3B2B-956D-BF17D4DFB1BE} = {7D1DBA4B-2AB5-3B2B-956D-BF17D4DFB1BE}
		{90082C75-5419-314D-B8C4-D9090F9293FA} = {90082C75-5419-314D-B8C4-D9090F9293FA}
		{26820A44-4B84-3AD3-A82C-3BB5CC597915} = {26820A44-4B84-3AD3-A82C-3BB5CC597915}
		{C8BD5CF9-F46D-3593-8000-AF87086BDCED} = {C8BD5CF9-F46D-3593-8000-AF87086BDCED}
		{2989009F-683B-3056-8726-9FD2005880A4} = {2989009F-683B-3056-8726-9FD2005880A4}
		{62693FEB-1C7A-3AB0-9E05-73E003866D2C} = {62693FEB-1C7A-3AB0-9E05-73E003866D2C}
	EndProjectSection
EndProject
Project("{8BC9CEB8-8B4A-11D0-8D11-00A0C91BC942}") = "opencv_imgproc", "..\imgproc\opencv_imgproc.vcxproj", "{2989009F-683B-3056-8726-9FD2005880A4}"
	ProjectSection(ProjectDependencies) = postProject
		{ECEA50E7-4EFC-346A-9D42-4ED01CA96DA0} = {ECEA50E7-4EFC-346A-9D42-4ED01CA96DA0}
		{26820A44-4B84-3AD3-A82C-3BB5CC597915} = {26820A44-4B84-3AD3-A82C-3BB5CC597915}
		{C8BD5CF9-F46D-3593-8000-AF87086BDCED} = {C8BD5CF9-F46D-3593-8000-AF87086BDCED}
		{03581DB9-E306-3EC0-930A-6A5FF5D9E4C2} = {03581DB9-E306-3EC0-930A-6A5FF5D9E4C2}
		{DA1B94D2-1BAC-38C5-BF14-1029D150E135} = {DA1B94D2-1BAC-38C5-BF14-1029D150E135}
		{ADC6A9D6-B0AE-377D-B710-B30AF21DC10B} = {ADC6A9D6-B0AE-377D-B710-B30AF21DC10B}
		{8C02DD34-E1DF-3DC2-AE34-22456451883C} = {8C02DD34-E1DF-3DC2-AE34-22456451883C}
	EndProjectSection
EndProject
Project("{8BC9CEB8-8B4A-11D0-8D11-00A0C91BC942}") = "opencv_imgproc_AVX", "..\imgproc\opencv_imgproc_AVX.vcxproj", "{03581DB9-E306-3EC0-930A-6A5FF5D9E4C2}"
	ProjectSection(ProjectDependencies) = postProject
	EndProjectSection
EndProject
Project("{8BC9CEB8-8B4A-11D0-8D11-00A0C91BC942}") = "opencv_imgproc_AVX2", "..\imgproc\opencv_imgproc_AVX2.vcxproj", "{DA1B94D2-1BAC-38C5-BF14-1029D150E135}"
	ProjectSection(ProjectDependencies) = postProject
	EndProjectSection
EndProject
Project("{8BC9CEB8-8B4A-11D0-8D11-00A0C91BC942}") = "opencv_imgproc_AVX512_SKX", "..\imgproc\opencv_imgproc_AVX512_SKX.vcxproj", "{ADC6A9D6-B0AE-377D-B710-B30AF21DC10B}"
	ProjectSection(ProjectDependencies) = postProject
	EndProjectSection
EndProject
Project("{8BC9CEB8-8B4A-11D0-8D11-00A0C91BC942}") = "opencv_imgproc_SSE4_1", "..\imgproc\opencv_imgproc_SSE4_1.vcxproj", "{8C02DD34-E1DF-3DC2-AE34-22456451883C}"
	ProjectSection(ProjectDependencies) = postProject
	EndProjectSection
EndProject
Project("{8BC9CEB8-8B4A-11D0-8D11-00A0C91BC942}") = "opencv_objdetect", "..\objdetect\opencv_objdetect.vcxproj", "{3A6D7D6B-49DD-3272-BFC0-C2C7CE79700E}"
	ProjectSection(ProjectDependencies) = postProject
		{ECEA50E7-4EFC-346A-9D42-4ED01CA96DA0} = {ECEA50E7-4EFC-346A-9D42-4ED01CA96DA0}
		{5C9ECDC3-1FD9-39D9-846B-C8FEE3DDB7CD} = {5C9ECDC3-1FD9-39D9-846B-C8FEE3DDB7CD}
		{26820A44-4B84-3AD3-A82C-3BB5CC597915} = {26820A44-4B84-3AD3-A82C-3BB5CC597915}
		{C8BD5CF9-F46D-3593-8000-AF87086BDCED} = {C8BD5CF9-F46D-3593-8000-AF87086BDCED}
		{F14C2E5E-E346-3B79-98B4-F42959690F06} = {F14C2E5E-E346-3B79-98B4-F42959690F06}
		{A78F35E9-AA3E-3148-ACC4-8DFAA61AB0B0} = {A78F35E9-AA3E-3148-ACC4-8DFAA61AB0B0}
		{2989009F-683B-3056-8726-9FD2005880A4} = {2989009F-683B-3056-8726-9FD2005880A4}
		{DA58280A-03AA-348F-86EB-134754EEE00C} = {DA58280A-03AA-348F-86EB-134754EEE00C}
	EndProjectSection
EndProject
Project("{8BC9CEB8-8B4A-11D0-8D11-00A0C91BC942}") = "opencv_optflow", "..\optflow\opencv_optflow.vcxproj", "{6B6EE1C3-CFBA-3783-A93B-4FB59E8FD103}"
	ProjectSection(ProjectDependencies) = postProject
		{ECEA50E7-4EFC-346A-9D42-4ED01CA96DA0} = {ECEA50E7-4EFC-346A-9D42-4ED01CA96DA0}
		{5C9ECDC3-1FD9-39D9-846B-C8FEE3DDB7CD} = {5C9ECDC3-1FD9-39D9-846B-C8FEE3DDB7CD}
		{26820A44-4B84-3AD3-A82C-3BB5CC597915} = {26820A44-4B84-3AD3-A82C-3BB5CC597915}
		{C8BD5CF9-F46D-3593-8000-AF87086BDCED} = {C8BD5CF9-F46D-3593-8000-AF87086BDCED}
		{F14C2E5E-E346-3B79-98B4-F42959690F06} = {F14C2E5E-E346-3B79-98B4-F42959690F06}
		{A78F35E9-AA3E-3148-ACC4-8DFAA61AB0B0} = {A78F35E9-AA3E-3148-ACC4-8DFAA61AB0B0}
		{B7EA3436-145A-37A3-AA8D-BC694C9B1F69} = {B7EA3436-145A-37A3-AA8D-BC694C9B1F69}
		{2989009F-683B-3056-8726-9FD2005880A4} = {2989009F-683B-3056-8726-9FD2005880A4}
		{9166A05A-43E2-3C3F-BA39-68771B02C655} = {9166A05A-43E2-3C3F-BA39-68771B02C655}
		{C78DEF6E-D1B2-3DBA-B679-B31856053798} = {C78DEF6E-D1B2-3DBA-B679-B31856053798}
	EndProjectSection
EndProject
Project("{8BC9CEB8-8B4A-11D0-8D11-00A0C91BC942}") = "opencv_superres", "opencv_superres.vcxproj", "{503C26DA-D50C-33F3-B49B-D978EB7C330C}"
	ProjectSection(ProjectDependencies) = postProject
		{ECEA50E7-4EFC-346A-9D42-4ED01CA96DA0} = {ECEA50E7-4EFC-346A-9D42-4ED01CA96DA0}
		{5C9ECDC3-1FD9-39D9-846B-C8FEE3DDB7CD} = {5C9ECDC3-1FD9-39D9-846B-C8FEE3DDB7CD}
		{26820A44-4B84-3AD3-A82C-3BB5CC597915} = {26820A44-4B84-3AD3-A82C-3BB5CC597915}
		{F3A13A99-A132-3750-9B4D-394C608EE5C3} = {F3A13A99-A132-3750-9B4D-394C608EE5C3}
		{9D610F16-271B-3B8A-AE83-1083CEEB2E2E} = {9D610F16-271B-3B8A-AE83-1083CEEB2E2E}
		{DA01F59E-9825-3B65-9DCE-7C7650F600F8} = {DA01F59E-9825-3B65-9DCE-7C7650F600F8}
		{A68943B5-7701-3D98-B492-7EB463BE22D9} = {A68943B5-7701-3D98-B492-7EB463BE22D9}
		{C9DDF39A-3610-348A-AE15-EAEAE6CEC418} = {C9DDF39A-3610-348A-AE15-EAEAE6CEC418}
		{0DDB8D85-BF1D-34B1-9D9C-C6BE1015627C} = {0DDB8D85-BF1D-34B1-9D9C-C6BE1015627C}
		{33DEA5B3-D5F0-3120-932E-D43A05E37D02} = {33DEA5B3-D5F0-3120-932E-D43A05E37D02}
		{C8BD5CF9-F46D-3593-8000-AF87086BDCED} = {C8BD5CF9-F46D-3593-8000-AF87086BDCED}
		{F14C2E5E-E346-3B79-98B4-F42959690F06} = {F14C2E5E-E346-3B79-98B4-F42959690F06}
		{A78F35E9-AA3E-3148-ACC4-8DFAA61AB0B0} = {A78F35E9-AA3E-3148-ACC4-8DFAA61AB0B0}
		{B7EA3436-145A-37A3-AA8D-BC694C9B1F69} = {B7EA3436-145A-37A3-AA8D-BC694C9B1F69}
		{2989009F-683B-3056-8726-9FD2005880A4} = {2989009F-683B-3056-8726-9FD2005880A4}
		{3A6D7D6B-49DD-3272-BFC0-C2C7CE79700E} = {3A6D7D6B-49DD-3272-BFC0-C2C7CE79700E}
		{6B6EE1C3-CFBA-3783-A93B-4FB59E8FD103} = {6B6EE1C3-CFBA-3783-A93B-4FB59E8FD103}
		{9166A05A-43E2-3C3F-BA39-68771B02C655} = {9166A05A-43E2-3C3F-BA39-68771B02C655}
		{578E90C5-8F5A-30F3-941F-F2E2338D1012} = {578E90C5-8F5A-30F3-941F-F2E2338D1012}
		{C78DEF6E-D1B2-3DBA-B679-B31856053798} = {C78DEF6E-D1B2-3DBA-B679-B31856053798}
	EndProjectSection
EndProject
Project("{8BC9CEB8-8B4A-11D0-8D11-00A0C91BC942}") = "opencv_video", "..\video\opencv_video.vcxproj", "{9166A05A-43E2-3C3F-BA39-68771B02C655}"
	ProjectSection(ProjectDependencies) = postProject
		{ECEA50E7-4EFC-346A-9D42-4ED01CA96DA0} = {ECEA50E7-4EFC-346A-9D42-4ED01CA96DA0}
		{5C9ECDC3-1FD9-39D9-846B-C8FEE3DDB7CD} = {5C9ECDC3-1FD9-39D9-846B-C8FEE3DDB7CD}
		{26820A44-4B84-3AD3-A82C-3BB5CC597915} = {26820A44-4B84-3AD3-A82C-3BB5CC597915}
		{C8BD5CF9-F46D-3593-8000-AF87086BDCED} = {C8BD5CF9-F46D-3593-8000-AF87086BDCED}
		{F14C2E5E-E346-3B79-98B4-F42959690F06} = {F14C2E5E-E346-3B79-98B4-F42959690F06}
		{A78F35E9-AA3E-3148-ACC4-8DFAA61AB0B0} = {A78F35E9-AA3E-3148-ACC4-8DFAA61AB0B0}
		{2989009F-683B-3056-8726-9FD2005880A4} = {2989009F-683B-3056-8726-9FD2005880A4}
	EndProjectSection
EndProject
Project("{8BC9CEB8-8B4A-11D0-8D11-00A0C91BC942}") = "opencv_videoio", "..\videoio\opencv_videoio.vcxproj", "{578E90C5-8F5A-30F3-941F-F2E2338D1012}"
	ProjectSection(ProjectDependencies) = postProject
		{ECEA50E7-4EFC-346A-9D42-4ED01CA96DA0} = {ECEA50E7-4EFC-346A-9D42-4ED01CA96DA0}
		{26820A44-4B84-3AD3-A82C-3BB5CC597915} = {26820A44-4B84-3AD3-A82C-3BB5CC597915}
		{C8BD5CF9-F46D-3593-8000-AF87086BDCED} = {C8BD5CF9-F46D-3593-8000-AF87086BDCED}
		{B7EA3436-145A-37A3-AA8D-BC694C9B1F69} = {B7EA3436-145A-37A3-AA8D-BC694C9B1F69}
		{2989009F-683B-3056-8726-9FD2005880A4} = {2989009F-683B-3056-8726-9FD2005880A4}
	EndProjectSection
EndProject
Project("{8BC9CEB8-8B4A-11D0-8D11-00A0C91BC942}") = "opencv_ximgproc", "..\ximgproc\opencv_ximgproc.vcxproj", "{C78DEF6E-D1B2-3DBA-B679-B31856053798}"
	ProjectSection(ProjectDependencies) = postProject
		{ECEA50E7-4EFC-346A-9D42-4ED01CA96DA0} = {ECEA50E7-4EFC-346A-9D42-4ED01CA96DA0}
		{5C9ECDC3-1FD9-39D9-846B-C8FEE3DDB7CD} = {5C9ECDC3-1FD9-39D9-846B-C8FEE3DDB7CD}
		{26820A44-4B84-3AD3-A82C-3BB5CC597915} = {26820A44-4B84-3AD3-A82C-3BB5CC597915}
		{C8BD5CF9-F46D-3593-8000-AF87086BDCED} = {C8BD5CF9-F46D-3593-8000-AF87086BDCED}
		{F14C2E5E-E346-3B79-98B4-F42959690F06} = {F14C2E5E-E346-3B79-98B4-F42959690F06}
		{A78F35E9-AA3E-3148-ACC4-8DFAA61AB0B0} = {A78F35E9-AA3E-3148-ACC4-8DFAA61AB0B0}
		{B7EA3436-145A-37A3-AA8D-BC694C9B1F69} = {B7EA3436-145A-37A3-AA8D-BC694C9B1F69}
		{2989009F-683B-3056-8726-9FD2005880A4} = {2989009F-683B-3056-8726-9FD2005880A4}
		{9166A05A-43E2-3C3F-BA39-68771B02C655} = {9166A05A-43E2-3C3F-BA39-68771B02C655}
	EndProjectSection
EndProject
Project("{8BC9CEB8-8B4A-11D0-8D11-00A0C91BC942}") = "quirc", "..\..\3rdparty\quirc\quirc.vcxproj", "{DA58280A-03AA-348F-86EB-134754EEE00C}"
	ProjectSection(ProjectDependencies) = postProject
	EndProjectSection
EndProject
Project("{8BC9CEB8-8B4A-11D0-8D11-00A0C91BC942}") = "zlib", "..\..\3rdparty\zlib\zlib.vcxproj", "{62693FEB-1C7A-3AB0-9E05-73E003866D2C}"
	ProjectSection(ProjectDependencies) = postProject
	EndProjectSection
EndProject
Global
	GlobalSection(SolutionConfigurationPlatforms) = preSolution
		Debug|x64 = Debug|x64
		Release|x64 = Release|x64
	EndGlobalSection
	GlobalSection(ProjectConfigurationPlatforms) = postSolution
		{DA189172-5FE9-3F2F-BA0D-C85F6B05940E}.Debug|x64.ActiveCfg = Debug|x64
		{DA189172-5FE9-3F2F-BA0D-C85F6B05940E}.Debug|x64.Build.0 = Debug|x64
		{DA189172-5FE9-3F2F-BA0D-C85F6B05940E}.Release|x64.ActiveCfg = Release|x64
		{DA189172-5FE9-3F2F-BA0D-C85F6B05940E}.Release|x64.Build.0 = Release|x64
		{8F7C0823-DCB9-31BB-92B9-6F18B1AEA515}.Debug|x64.ActiveCfg = Debug|x64
		{8F7C0823-DCB9-31BB-92B9-6F18B1AEA515}.Release|x64.ActiveCfg = Release|x64
		{E92C879B-984C-3AF8-911F-A206D3ED7DD7}.Debug|x64.ActiveCfg = Debug|x64
		{E92C879B-984C-3AF8-911F-A206D3ED7DD7}.Release|x64.ActiveCfg = Release|x64
		{9077BAD6-5545-3D41-910E-62FA6EA5D3EF}.Debug|x64.ActiveCfg = Debug|x64
		{9077BAD6-5545-3D41-910E-62FA6EA5D3EF}.Release|x64.ActiveCfg = Release|x64
		{ECEA50E7-4EFC-346A-9D42-4ED01CA96DA0}.Debug|x64.ActiveCfg = Debug|x64
		{ECEA50E7-4EFC-346A-9D42-4ED01CA96DA0}.Debug|x64.Build.0 = Debug|x64
		{ECEA50E7-4EFC-346A-9D42-4ED01CA96DA0}.Release|x64.ActiveCfg = Release|x64
		{ECEA50E7-4EFC-346A-9D42-4ED01CA96DA0}.Release|x64.Build.0 = Release|x64
		{49744A82-746F-32AF-89B4-0F1928B6DD43}.Debug|x64.ActiveCfg = Debug|x64
		{49744A82-746F-32AF-89B4-0F1928B6DD43}.Debug|x64.Build.0 = Debug|x64
		{49744A82-746F-32AF-89B4-0F1928B6DD43}.Release|x64.ActiveCfg = Release|x64
		{49744A82-746F-32AF-89B4-0F1928B6DD43}.Release|x64.Build.0 = Release|x64
		{47342378-2353-3676-B3C4-08FAA8A166AD}.Debug|x64.ActiveCfg = Debug|x64
		{47342378-2353-3676-B3C4-08FAA8A166AD}.Debug|x64.Build.0 = Debug|x64
		{47342378-2353-3676-B3C4-08FAA8A166AD}.Release|x64.ActiveCfg = Release|x64
		{47342378-2353-3676-B3C4-08FAA8A166AD}.Release|x64.Build.0 = Release|x64
		{2DDB8E6F-D6EE-3C12-A7E0-DBF3AB4F7CBA}.Debug|x64.ActiveCfg = Debug|x64
		{2DDB8E6F-D6EE-3C12-A7E0-DBF3AB4F7CBA}.Debug|x64.Build.0 = Debug|x64
		{2DDB8E6F-D6EE-3C12-A7E0-DBF3AB4F7CBA}.Release|x64.ActiveCfg = Release|x64
		{2DDB8E6F-D6EE-3C12-A7E0-DBF3AB4F7CBA}.Release|x64.Build.0 = Release|x64
		{D8B0CAC0-8501-39BD-8731-3DE10779E5B9}.Debug|x64.ActiveCfg = Debug|x64
		{D8B0CAC0-8501-39BD-8731-3DE10779E5B9}.Debug|x64.Build.0 = Debug|x64
		{D8B0CAC0-8501-39BD-8731-3DE10779E5B9}.Release|x64.ActiveCfg = Release|x64
		{D8B0CAC0-8501-39BD-8731-3DE10779E5B9}.Release|x64.Build.0 = Release|x64
		{7D1DBA4B-2AB5-3B2B-956D-BF17D4DFB1BE}.Debug|x64.ActiveCfg = Debug|x64
		{7D1DBA4B-2AB5-3B2B-956D-BF17D4DFB1BE}.Debug|x64.Build.0 = Debug|x64
		{7D1DBA4B-2AB5-3B2B-956D-BF17D4DFB1BE}.Release|x64.ActiveCfg = Release|x64
		{7D1DBA4B-2AB5-3B2B-956D-BF17D4DFB1BE}.Release|x64.Build.0 = Release|x64
		{90082C75-5419-314D-B8C4-D9090F9293FA}.Debug|x64.ActiveCfg = Debug|x64
		{90082C75-5419-314D-B8C4-D9090F9293FA}.Debug|x64.Build.0 = Debug|x64
		{90082C75-5419-314D-B8C4-D9090F9293FA}.Release|x64.ActiveCfg = Release|x64
		{90082C75-5419-314D-B8C4-D9090F9293FA}.Release|x64.Build.0 = Release|x64
		{5C9ECDC3-1FD9-39D9-846B-C8FEE3DDB7CD}.Debug|x64.ActiveCfg = Debug|x64
		{5C9ECDC3-1FD9-39D9-846B-C8FEE3DDB7CD}.Debug|x64.Build.0 = Debug|x64
		{5C9ECDC3-1FD9-39D9-846B-C8FEE3DDB7CD}.Release|x64.ActiveCfg = Release|x64
		{5C9ECDC3-1FD9-39D9-846B-C8FEE3DDB7CD}.Release|x64.Build.0 = Release|x64
		{CF033D5C-786C-35CB-8E6A-3C9778A37B96}.Debug|x64.ActiveCfg = Debug|x64
		{CF033D5C-786C-35CB-8E6A-3C9778A37B96}.Debug|x64.Build.0 = Debug|x64
		{CF033D5C-786C-35CB-8E6A-3C9778A37B96}.Release|x64.ActiveCfg = Release|x64
		{CF033D5C-786C-35CB-8E6A-3C9778A37B96}.Release|x64.Build.0 = Release|x64
		{26820A44-4B84-3AD3-A82C-3BB5CC597915}.Debug|x64.ActiveCfg = Debug|x64
		{26820A44-4B84-3AD3-A82C-3BB5CC597915}.Debug|x64.Build.0 = Debug|x64
		{26820A44-4B84-3AD3-A82C-3BB5CC597915}.Release|x64.ActiveCfg = Release|x64
		{26820A44-4B84-3AD3-A82C-3BB5CC597915}.Release|x64.Build.0 = Release|x64
		{F45BD04F-9ACB-3C3B-9A94-72E72D1B6A0F}.Debug|x64.ActiveCfg = Debug|x64
		{F45BD04F-9ACB-3C3B-9A94-72E72D1B6A0F}.Debug|x64.Build.0 = Debug|x64
		{F45BD04F-9ACB-3C3B-9A94-72E72D1B6A0F}.Release|x64.ActiveCfg = Release|x64
		{F45BD04F-9ACB-3C3B-9A94-72E72D1B6A0F}.Release|x64.Build.0 = Release|x64
		{042B7623-3FA4-35BC-BEF1-786CD13E3549}.Debug|x64.ActiveCfg = Debug|x64
		{042B7623-3FA4-35BC-BEF1-786CD13E3549}.Debug|x64.Build.0 = Debug|x64
		{042B7623-3FA4-35BC-BEF1-786CD13E3549}.Release|x64.ActiveCfg = Release|x64
		{042B7623-3FA4-35BC-BEF1-786CD13E3549}.Release|x64.Build.0 = Release|x64
		{3F031C98-536B-34B3-ACE1-BB45E07C5DDD}.Debug|x64.ActiveCfg = Debug|x64
		{3F031C98-536B-34B3-ACE1-BB45E07C5DDD}.Debug|x64.Build.0 = Debug|x64
		{3F031C98-536B-34B3-ACE1-BB45E07C5DDD}.Release|x64.ActiveCfg = Release|x64
		{3F031C98-536B-34B3-ACE1-BB45E07C5DDD}.Release|x64.Build.0 = Release|x64
		{3C72CEBA-1193-3392-9CD9-6CBF82B258FA}.Debug|x64.ActiveCfg = Debug|x64
		{3C72CEBA-1193-3392-9CD9-6CBF82B258FA}.Debug|x64.Build.0 = Debug|x64
		{3C72CEBA-1193-3392-9CD9-6CBF82B258FA}.Release|x64.ActiveCfg = Release|x64
		{3C72CEBA-1193-3392-9CD9-6CBF82B258FA}.Release|x64.Build.0 = Release|x64
		{FF9CB596-7AEA-34EC-918A-DA42BDD7E8B6}.Debug|x64.ActiveCfg = Debug|x64
		{FF9CB596-7AEA-34EC-918A-DA42BDD7E8B6}.Debug|x64.Build.0 = Debug|x64
		{FF9CB596-7AEA-34EC-918A-DA42BDD7E8B6}.Release|x64.ActiveCfg = Release|x64
		{FF9CB596-7AEA-34EC-918A-DA42BDD7E8B6}.Release|x64.Build.0 = Release|x64
		{F3A13A99-A132-3750-9B4D-394C608EE5C3}.Debug|x64.ActiveCfg = Debug|x64
		{F3A13A99-A132-3750-9B4D-394C608EE5C3}.Debug|x64.Build.0 = Debug|x64
		{F3A13A99-A132-3750-9B4D-394C608EE5C3}.Release|x64.ActiveCfg = Release|x64
		{F3A13A99-A132-3750-9B4D-394C608EE5C3}.Release|x64.Build.0 = Release|x64
		{9D610F16-271B-3B8A-AE83-1083CEEB2E2E}.Debug|x64.ActiveCfg = Debug|x64
		{9D610F16-271B-3B8A-AE83-1083CEEB2E2E}.Debug|x64.Build.0 = Debug|x64
		{9D610F16-271B-3B8A-AE83-1083CEEB2E2E}.Release|x64.ActiveCfg = Release|x64
		{9D610F16-271B-3B8A-AE83-1083CEEB2E2E}.Release|x64.Build.0 = Release|x64
		{DA01F59E-9825-3B65-9DCE-7C7650F600F8}.Debug|x64.ActiveCfg = Debug|x64
		{DA01F59E-9825-3B65-9DCE-7C7650F600F8}.Debug|x64.Build.0 = Debug|x64
		{DA01F59E-9825-3B65-9DCE-7C7650F600F8}.Release|x64.ActiveCfg = Release|x64
		{DA01F59E-9825-3B65-9DCE-7C7650F600F8}.Release|x64.Build.0 = Release|x64
		{A68943B5-7701-3D98-B492-7EB463BE22D9}.Debug|x64.ActiveCfg = Debug|x64
		{A68943B5-7701-3D98-B492-7EB463BE22D9}.Debug|x64.Build.0 = Debug|x64
		{A68943B5-7701-3D98-B492-7EB463BE22D9}.Release|x64.ActiveCfg = Release|x64
		{A68943B5-7701-3D98-B492-7EB463BE22D9}.Release|x64.Build.0 = Release|x64
		{C9DDF39A-3610-348A-AE15-EAEAE6CEC418}.Debug|x64.ActiveCfg = Debug|x64
		{C9DDF39A-3610-348A-AE15-EAEAE6CEC418}.Debug|x64.Build.0 = Debug|x64
		{C9DDF39A-3610-348A-AE15-EAEAE6CEC418}.Release|x64.ActiveCfg = Release|x64
		{C9DDF39A-3610-348A-AE15-EAEAE6CEC418}.Release|x64.Build.0 = Release|x64
		{0DDB8D85-BF1D-34B1-9D9C-C6BE1015627C}.Debug|x64.ActiveCfg = Debug|x64
		{0DDB8D85-BF1D-34B1-9D9C-C6BE1015627C}.Debug|x64.Build.0 = Debug|x64
		{0DDB8D85-BF1D-34B1-9D9C-C6BE1015627C}.Release|x64.ActiveCfg = Release|x64
		{0DDB8D85-BF1D-34B1-9D9C-C6BE1015627C}.Release|x64.Build.0 = Release|x64
		{33DEA5B3-D5F0-3120-932E-D43A05E37D02}.Debug|x64.ActiveCfg = Debug|x64
		{33DEA5B3-D5F0-3120-932E-D43A05E37D02}.Debug|x64.Build.0 = Debug|x64
		{33DEA5B3-D5F0-3120-932E-D43A05E37D02}.Release|x64.ActiveCfg = Release|x64
		{33DEA5B3-D5F0-3120-932E-D43A05E37D02}.Release|x64.Build.0 = Release|x64
		{C8BD5CF9-F46D-3593-8000-AF87086BDCED}.Debug|x64.ActiveCfg = Debug|x64
		{C8BD5CF9-F46D-3593-8000-AF87086BDCED}.Debug|x64.Build.0 = Debug|x64
		{C8BD5CF9-F46D-3593-8000-AF87086BDCED}.Release|x64.ActiveCfg = Release|x64
		{C8BD5CF9-F46D-3593-8000-AF87086BDCED}.Release|x64.Build.0 = Release|x64
		{F14C2E5E-E346-3B79-98B4-F42959690F06}.Debug|x64.ActiveCfg = Debug|x64
		{F14C2E5E-E346-3B79-98B4-F42959690F06}.Debug|x64.Build.0 = Debug|x64
		{F14C2E5E-E346-3B79-98B4-F42959690F06}.Release|x64.ActiveCfg = Release|x64
		{F14C2E5E-E346-3B79-98B4-F42959690F06}.Release|x64.Build.0 = Release|x64
		{8CD41595-24F4-3FD0-B3CE-99C64C1B619A}.Debug|x64.ActiveCfg = Debug|x64
		{8CD41595-24F4-3FD0-B3CE-99C64C1B619A}.Debug|x64.Build.0 = Debug|x64
		{8CD41595-24F4-3FD0-B3CE-99C64C1B619A}.Release|x64.ActiveCfg = Release|x64
		{8CD41595-24F4-3FD0-B3CE-99C64C1B619A}.Release|x64.Build.0 = Release|x64
		{6EB0CBAF-2C51-389E-BBCB-6296C8F8C2B4}.Debug|x64.ActiveCfg = Debug|x64
		{6EB0CBAF-2C51-389E-BBCB-6296C8F8C2B4}.Debug|x64.Build.0 = Debug|x64
		{6EB0CBAF-2C51-389E-BBCB-6296C8F8C2B4}.Release|x64.ActiveCfg = Release|x64
		{6EB0CBAF-2C51-389E-BBCB-6296C8F8C2B4}.Release|x64.Build.0 = Release|x64
		{E64D6BB5-0C19-3351-8BA2-F01B83792574}.Debug|x64.ActiveCfg = Debug|x64
		{E64D6BB5-0C19-3351-8BA2-F01B83792574}.Debug|x64.Build.0 = Debug|x64
		{E64D6BB5-0C19-3351-8BA2-F01B83792574}.Release|x64.ActiveCfg = Release|x64
		{E64D6BB5-0C19-3351-8BA2-F01B83792574}.Release|x64.Build.0 = Release|x64
		{A78F35E9-AA3E-3148-ACC4-8DFAA61AB0B0}.Debug|x64.ActiveCfg = Debug|x64
		{A78F35E9-AA3E-3148-ACC4-8DFAA61AB0B0}.Debug|x64.Build.0 = Debug|x64
		{A78F35E9-AA3E-3148-ACC4-8DFAA61AB0B0}.Release|x64.ActiveCfg = Release|x64
		{A78F35E9-AA3E-3148-ACC4-8DFAA61AB0B0}.Release|x64.Build.0 = Release|x64
		{B7EA3436-145A-37A3-AA8D-BC694C9B1F69}.Debug|x64.ActiveCfg = Debug|x64
		{B7EA3436-145A-37A3-AA8D-BC694C9B1F69}.Debug|x64.Build.0 = Debug|x64
		{B7EA3436-145A-37A3-AA8D-BC694C9B1F69}.Release|x64.ActiveCfg = Release|x64
		{B7EA3436-145A-37A3-AA8D-BC694C9B1F69}.Release|x64.Build.0 = Release|x64
		{2989009F-683B-3056-8726-9FD2005880A4}.Debug|x64.ActiveCfg = Debug|x64
		{2989009F-683B-3056-8726-9FD2005880A4}.Debug|x64.Build.0 = Debug|x64
		{2989009F-683B-3056-8726-9FD2005880A4}.Release|x64.ActiveCfg = Release|x64
		{2989009F-683B-3056-8726-9FD2005880A4}.Release|x64.Build.0 = Release|x64
		{03581DB9-E306-3EC0-930A-6A5FF5D9E4C2}.Debug|x64.ActiveCfg = Debug|x64
		{03581DB9-E306-3EC0-930A-6A5FF5D9E4C2}.Debug|x64.Build.0 = Debug|x64
		{03581DB9-E306-3EC0-930A-6A5FF5D9E4C2}.Release|x64.ActiveCfg = Release|x64
		{03581DB9-E306-3EC0-930A-6A5FF5D9E4C2}.Release|x64.Build.0 = Release|x64
		{DA1B94D2-1BAC-38C5-BF14-1029D150E135}.Debug|x64.ActiveCfg = Debug|x64
		{DA1B94D2-1BAC-38C5-BF14-1029D150E135}.Debug|x64.Build.0 = Debug|x64
		{DA1B94D2-1BAC-38C5-BF14-1029D150E135}.Release|x64.ActiveCfg = Release|x64
		{DA1B94D2-1BAC-38C5-BF14-1029D150E135}.Release|x64.Build.0 = Release|x64
		{ADC6A9D6-B0AE-377D-B710-B30AF21DC10B}.Debug|x64.ActiveCfg = Debug|x64
		{ADC6A9D6-B0AE-377D-B710-B30AF21DC10B}.Debug|x64.Build.0 = Debug|x64
		{ADC6A9D6-B0AE-377D-B710-B30AF21DC10B}.Release|x64.ActiveCfg = Release|x64
		{ADC6A9D6-B0AE-377D-B710-B30AF21DC10B}.Release|x64.Build.0 = Release|x64
		{8C02DD34-E1DF-3DC2-AE34-22456451883C}.Debug|x64.ActiveCfg = Debug|x64
		{8C02DD34-E1DF-3DC2-AE34-22456451883C}.Debug|x64.Build.0 = Debug|x64
		{8C02DD34-E1DF-3DC2-AE34-22456451883C}.Release|x64.ActiveCfg = Release|x64
		{8C02DD34-E1DF-3DC2-AE34-22456451883C}.Release|x64.Build.0 = Release|x64
		{3A6D7D6B-49DD-3272-BFC0-C2C7CE79700E}.Debug|x64.ActiveCfg = Debug|x64
		{3A6D7D6B-49DD-3272-BFC0-C2C7CE79700E}.Debug|x64.Build.0 = Debug|x64
		{3A6D7D6B-49DD-3272-BFC0-C2C7CE79700E}.Release|x64.ActiveCfg = Release|x64
		{3A6D7D6B-49DD-3272-BFC0-C2C7CE79700E}.Release|x64.Build.0 = Release|x64
		{6B6EE1C3-CFBA-3783-A93B-4FB59E8FD103}.Debug|x64.ActiveCfg = Debug|x64
		{6B6EE1C3-CFBA-3783-A93B-4FB59E8FD103}.Debug|x64.Build.0 = Debug|x64
		{6B6EE1C3-CFBA-3783-A93B-4FB59E8FD103}.Release|x64.ActiveCfg = Release|x64
		{6B6EE1C3-CFBA-3783-A93B-4FB59E8FD103}.Release|x64.Build.0 = Release|x64
		{503C26DA-D50C-33F3-B49B-D978EB7C330C}.Debug|x64.ActiveCfg = Debug|x64
		{503C26DA-D50C-33F3-B49B-D978EB7C330C}.Debug|x64.Build.0 = Debug|x64
		{503C26DA-D50C-33F3-B49B-D978EB7C330C}.Release|x64.ActiveCfg = Release|x64
		{503C26DA-D50C-33F3-B49B-D978EB7C330C}.Release|x64.Build.0 = Release|x64
		{9166A05A-43E2-3C3F-BA39-68771B02C655}.Debug|x64.ActiveCfg = Debug|x64
		{9166A05A-43E2-3C3F-BA39-68771B02C655}.Debug|x64.Build.0 = Debug|x64
		{9166A05A-43E2-3C3F-BA39-68771B02C655}.Release|x64.ActiveCfg = Release|x64
		{9166A05A-43E2-3C3F-BA39-68771B02C655}.Release|x64.Build.0 = Release|x64
		{578E90C5-8F5A-30F3-941F-F2E2338D1012}.Debug|x64.ActiveCfg = Debug|x64
		{578E90C5-8F5A-30F3-941F-F2E2338D1012}.Debug|x64.Build.0 = Debug|x64
		{578E90C5-8F5A-30F3-941F-F2E2338D1012}.Release|x64.ActiveCfg = Release|x64
		{578E90C5-8F5A-30F3-941F-F2E2338D1012}.Release|x64.Build.0 = Release|x64
		{C78DEF6E-D1B2-3DBA-B679-B31856053798}.Debug|x64.ActiveCfg = Debug|x64
		{C78DEF6E-D1B2-3DBA-B679-B31856053798}.Debug|x64.Build.0 = Debug|x64
		{C78DEF6E-D1B2-3DBA-B679-B31856053798}.Release|x64.ActiveCfg = Release|x64
		{C78DEF6E-D1B2-3DBA-B679-B31856053798}.Release|x64.Build.0 = Release|x64
		{DA58280A-03AA-348F-86EB-134754EEE00C}.Debug|x64.ActiveCfg = Debug|x64
		{DA58280A-03AA-348F-86EB-134754EEE00C}.Debug|x64.Build.0 = Debug|x64
		{DA58280A-03AA-348F-86EB-134754EEE00C}.Release|x64.ActiveCfg = Release|x64
		{DA58280A-03AA-348F-86EB-134754EEE00C}.Release|x64.Build.0 = Release|x64
		{62693FEB-1C7A-3AB0-9E05-73E003866D2C}.Debug|x64.ActiveCfg = Debug|x64
		{62693FEB-1C7A-3AB0-9E05-73E003866D2C}.Debug|x64.Build.0 = Debug|x64
		{62693FEB-1C7A-3AB0-9E05-73E003866D2C}.Release|x64.ActiveCfg = Release|x64
		{62693FEB-1C7A-3AB0-9E05-73E003866D2C}.Release|x64.Build.0 = Release|x64
	EndGlobalSection
	GlobalSection(NestedProjects) = preSolution
		{ECEA50E7-4EFC-346A-9D42-4ED01CA96DA0} = {F73AC2E0-3B59-3B7D-8E91-5FF876EAD60C}
		{49744A82-746F-32AF-89B4-0F1928B6DD43} = {F73AC2E0-3B59-3B7D-8E91-5FF876EAD60C}
		{47342378-2353-3676-B3C4-08FAA8A166AD} = {F73AC2E0-3B59-3B7D-8E91-5FF876EAD60C}
		{2DDB8E6F-D6EE-3C12-A7E0-DBF3AB4F7CBA} = {F73AC2E0-3B59-3B7D-8E91-5FF876EAD60C}
		{D8B0CAC0-8501-39BD-8731-3DE10779E5B9} = {F73AC2E0-3B59-3B7D-8E91-5FF876EAD60C}
		{7D1DBA4B-2AB5-3B2B-956D-BF17D4DFB1BE} = {F73AC2E0-3B59-3B7D-8E91-5FF876EAD60C}
		{90082C75-5419-314D-B8C4-D9090F9293FA} = {F73AC2E0-3B59-3B7D-8E91-5FF876EAD60C}
		{DA58280A-03AA-348F-86EB-134754EEE00C} = {F73AC2E0-3B59-3B7D-8E91-5FF876EAD60C}
		{62693FEB-1C7A-3AB0-9E05-73E003866D2C} = {F73AC2E0-3B59-3B7D-8E91-5FF876EAD60C}
		{DA189172-5FE9-3F2F-BA0D-C85F6B05940E} = {94D5F2CB-D387-3866-AED7-F052C81D2FBE}
		{8F7C0823-DCB9-31BB-92B9-6F18B1AEA515} = {94D5F2CB-D387-3866-AED7-F052C81D2FBE}
		{E92C879B-984C-3AF8-911F-A206D3ED7DD7} = {94D5F2CB-D387-3866-AED7-F052C81D2FBE}
		{9077BAD6-5545-3D41-910E-62FA6EA5D3EF} = {94D5F2CB-D387-3866-AED7-F052C81D2FBE}
		{CF033D5C-786C-35CB-8E6A-3C9778A37B96} = {ADD09E68-A77F-3B96-B5C1-CC81FA25B1BA}
		{F45BD04F-9ACB-3C3B-9A94-72E72D1B6A0F} = {ADD09E68-A77F-3B96-B5C1-CC81FA25B1BA}
		{042B7623-3FA4-35BC-BEF1-786CD13E3549} = {ADD09E68-A77F-3B96-B5C1-CC81FA25B1BA}
		{3F031C98-536B-34B3-ACE1-BB45E07C5DDD} = {ADD09E68-A77F-3B96-B5C1-CC81FA25B1BA}
		{3C72CEBA-1193-3392-9CD9-6CBF82B258FA} = {ADD09E68-A77F-3B96-B5C1-CC81FA25B1BA}
		{FF9CB596-7AEA-34EC-918A-DA42BDD7E8B6} = {ADD09E68-A77F-3B96-B5C1-CC81FA25B1BA}
		{8CD41595-24F4-3FD0-B3CE-99C64C1B619A} = {ADD09E68-A77F-3B96-B5C1-CC81FA25B1BA}
		{6EB0CBAF-2C51-389E-BBCB-6296C8F8C2B4} = {ADD09E68-A77F-3B96-B5C1-CC81FA25B1BA}
		{E64D6BB5-0C19-3351-8BA2-F01B83792574} = {ADD09E68-A77F-3B96-B5C1-CC81FA25B1BA}
		{03581DB9-E306-3EC0-930A-6A5FF5D9E4C2} = {ADD09E68-A77F-3B96-B5C1-CC81FA25B1BA}
		{DA1B94D2-1BAC-38C5-BF14-1029D150E135} = {ADD09E68-A77F-3B96-B5C1-CC81FA25B1BA}
		{ADC6A9D6-B0AE-377D-B710-B30AF21DC10B} = {ADD09E68-A77F-3B96-B5C1-CC81FA25B1BA}
		{8C02DD34-E1DF-3DC2-AE34-22456451883C} = {ADD09E68-A77F-3B96-B5C1-CC81FA25B1BA}
		{5C9ECDC3-1FD9-39D9-846B-C8FEE3DDB7CD} = {4821B747-B0E3-3FD0-876C-E78E7EB0FB3D}
		{26820A44-4B84-3AD3-A82C-3BB5CC597915} = {4821B747-B0E3-3FD0-876C-E78E7EB0FB3D}
		{F3A13A99-A132-3750-9B4D-394C608EE5C3} = {4821B747-B0E3-3FD0-876C-E78E7EB0FB3D}
		{9D610F16-271B-3B8A-AE83-1083CEEB2E2E} = {4821B747-B0E3-3FD0-876C-E78E7EB0FB3D}
		{DA01F59E-9825-3B65-9DCE-7C7650F600F8} = {4821B747-B0E3-3FD0-876C-E78E7EB0FB3D}
		{A68943B5-7701-3D98-B492-7EB463BE22D9} = {4821B747-B0E3-3FD0-876C-E78E7EB0FB3D}
		{C9DDF39A-3610-348A-AE15-EAEAE6CEC418} = {4821B747-B0E3-3FD0-876C-E78E7EB0FB3D}
		{0DDB8D85-BF1D-34B1-9D9C-C6BE1015627C} = {4821B747-B0E3-3FD0-876C-E78E7EB0FB3D}
		{33DEA5B3-D5F0-3120-932E-D43A05E37D02} = {4821B747-B0E3-3FD0-876C-E78E7EB0FB3D}
		{C8BD5CF9-F46D-3593-8000-AF87086BDCED} = {4821B747-B0E3-3FD0-876C-E78E7EB0FB3D}
		{F14C2E5E-E346-3B79-98B4-F42959690F06} = {4821B747-B0E3-3FD0-876C-E78E7EB0FB3D}
		{A78F35E9-AA3E-3148-ACC4-8DFAA61AB0B0} = {4821B747-B0E3-3FD0-876C-E78E7EB0FB3D}
		{B7EA3436-145A-37A3-AA8D-BC694C9B1F69} = {4821B747-B0E3-3FD0-876C-E78E7EB0FB3D}
		{2989009F-683B-3056-8726-9FD2005880A4} = {4821B747-B0E3-3FD0-876C-E78E7EB0FB3D}
		{3A6D7D6B-49DD-3272-BFC0-C2C7CE79700E} = {4821B747-B0E3-3FD0-876C-E78E7EB0FB3D}
		{6B6EE1C3-CFBA-3783-A93B-4FB59E8FD103} = {4821B747-B0E3-3FD0-876C-E78E7EB0FB3D}
		{503C26DA-D50C-33F3-B49B-D978EB7C330C} = {4821B747-B0E3-3FD0-876C-E78E7EB0FB3D}
		{9166A05A-43E2-3C3F-BA39-68771B02C655} = {4821B747-B0E3-3FD0-876C-E78E7EB0FB3D}
		{578E90C5-8F5A-30F3-941F-F2E2338D1012} = {4821B747-B0E3-3FD0-876C-E78E7EB0FB3D}
		{C78DEF6E-D1B2-3DBA-B679-B31856053798} = {4821B747-B0E3-3FD0-876C-E78E7EB0FB3D}
	EndGlobalSection
	GlobalSection(ExtensibilityGlobals) = postSolution
		SolutionGuid = {0304BA71-C135-390A-A260-0A610E80A491}
	EndGlobalSection
	GlobalSection(ExtensibilityAddIns) = postSolution
	EndGlobalSection
EndGlobal
