<?xml version="1.0" encoding="utf-8"?>
<Project ToolsVersion="15.0" xmlns="http://schemas.microsoft.com/developer/msbuild/2003">
  <ItemGroup>
    <ClCompile Include="D:\LIB\opencv\opencv_contrib-4.5.0\modules\xphoto\src\bm3d_image_denoising.cpp">
      <Filter>Src</Filter>
    </ClCompile>
    <ClCompile Include="D:\LIB\opencv\opencv_contrib-4.5.0\modules\xphoto\src\dct_image_denoising.cpp">
      <Filter>Src</Filter>
    </ClCompile>
    <ClCompile Include="D:\LIB\opencv\opencv_contrib-4.5.0\modules\xphoto\src\grayworld_white_balance.cpp">
      <Filter>Src</Filter>
    </ClCompile>
    <ClCompile Include="D:\LIB\opencv\opencv_contrib-4.5.0\modules\xphoto\src\inpainting.cpp">
      <Filter>Src</Filter>
    </ClCompile>
    <ClCompile Include="D:\LIB\opencv\opencv_contrib-4.5.0\modules\xphoto\src\learning_based_color_balance.cpp">
      <Filter>Src</Filter>
    </ClCompile>
    <ClCompile Include="D:\LIB\opencv\opencv_contrib-4.5.0\modules\xphoto\src\oilpainting.cpp">
      <Filter>Src</Filter>
    </ClCompile>
    <ClCompile Include="D:\LIB\opencv\opencv_contrib-4.5.0\modules\xphoto\src\simple_color_balance.cpp">
      <Filter>Src</Filter>
    </ClCompile>
    <ClCompile Include="D:\LIB\opencv\opencv_contrib-4.5.0\modules\xphoto\src\tonemap.cpp">
      <Filter>Src</Filter>
    </ClCompile>
    <ClCompile Include="D:\LIB\opencv\opencv450\build\modules\xphoto\opencv_xphoto_main.cpp">
      <Filter>Source Files</Filter>
    </ClCompile>
  </ItemGroup>
  <ItemGroup>
    <ClInclude Include="D:\LIB\opencv\opencv_contrib-4.5.0\modules\xphoto\include\opencv2\xphoto.hpp">
      <Filter>Include\opencv2</Filter>
    </ClInclude>
    <ClInclude Include="D:\LIB\opencv\opencv_contrib-4.5.0\modules\xphoto\include\opencv2\xphoto\bm3d_image_denoising.hpp">
      <Filter>Include\opencv2\xphoto</Filter>
    </ClInclude>
    <ClInclude Include="D:\LIB\opencv\opencv_contrib-4.5.0\modules\xphoto\include\opencv2\xphoto\dct_image_denoising.hpp">
      <Filter>Include\opencv2\xphoto</Filter>
    </ClInclude>
    <ClInclude Include="D:\LIB\opencv\opencv_contrib-4.5.0\modules\xphoto\include\opencv2\xphoto\inpainting.hpp">
      <Filter>Include\opencv2\xphoto</Filter>
    </ClInclude>
    <ClInclude Include="D:\LIB\opencv\opencv_contrib-4.5.0\modules\xphoto\include\opencv2\xphoto\oilpainting.hpp">
      <Filter>Include\opencv2\xphoto</Filter>
    </ClInclude>
    <ClInclude Include="D:\LIB\opencv\opencv_contrib-4.5.0\modules\xphoto\include\opencv2\xphoto\tonemap.hpp">
      <Filter>Include\opencv2\xphoto</Filter>
    </ClInclude>
    <ClInclude Include="D:\LIB\opencv\opencv_contrib-4.5.0\modules\xphoto\include\opencv2\xphoto\white_balance.hpp">
      <Filter>Include\opencv2\xphoto</Filter>
    </ClInclude>
    <ClInclude Include="D:\LIB\opencv\opencv_contrib-4.5.0\modules\xphoto\src\advanced_types.hpp">
      <Filter>Src</Filter>
    </ClInclude>
    <ClInclude Include="D:\LIB\opencv\opencv_contrib-4.5.0\modules\xphoto\src\annf.hpp">
      <Filter>Src</Filter>
    </ClInclude>
    <ClInclude Include="D:\LIB\opencv\opencv_contrib-4.5.0\modules\xphoto\src\blending.hpp">
      <Filter>Src</Filter>
    </ClInclude>
    <ClInclude Include="D:\LIB\opencv\opencv_contrib-4.5.0\modules\xphoto\src\bm3d_denoising_invoker_commons.hpp">
      <Filter>Src</Filter>
    </ClInclude>
    <ClInclude Include="D:\LIB\opencv\opencv_contrib-4.5.0\modules\xphoto\src\bm3d_denoising_invoker_step1.hpp">
      <Filter>Src</Filter>
    </ClInclude>
    <ClInclude Include="D:\LIB\opencv\opencv_contrib-4.5.0\modules\xphoto\src\bm3d_denoising_invoker_step2.hpp">
      <Filter>Src</Filter>
    </ClInclude>
    <ClInclude Include="D:\LIB\opencv\opencv_contrib-4.5.0\modules\xphoto\src\bm3d_denoising_invoker_structs.hpp">
      <Filter>Src</Filter>
    </ClInclude>
    <ClInclude Include="D:\LIB\opencv\opencv_contrib-4.5.0\modules\xphoto\src\bm3d_denoising_transforms.hpp">
      <Filter>Src</Filter>
    </ClInclude>
    <ClInclude Include="D:\LIB\opencv\opencv_contrib-4.5.0\modules\xphoto\src\bm3d_denoising_transforms_1D.hpp">
      <Filter>Src</Filter>
    </ClInclude>
    <ClInclude Include="D:\LIB\opencv\opencv_contrib-4.5.0\modules\xphoto\src\bm3d_denoising_transforms_2D.hpp">
      <Filter>Src</Filter>
    </ClInclude>
    <ClInclude Include="D:\LIB\opencv\opencv_contrib-4.5.0\modules\xphoto\src\bm3d_denoising_transforms_haar.hpp">
      <Filter>Src</Filter>
    </ClInclude>
    <ClInclude Include="D:\LIB\opencv\opencv_contrib-4.5.0\modules\xphoto\src\gcgraph.hpp">
      <Filter>Src</Filter>
    </ClInclude>
    <ClInclude Include="D:\LIB\opencv\opencv_contrib-4.5.0\modules\xphoto\src\inpainting_fsr.impl.hpp">
      <Filter>Src</Filter>
    </ClInclude>
    <ClInclude Include="D:\LIB\opencv\opencv_contrib-4.5.0\modules\xphoto\src\kaiser_window.hpp">
      <Filter>Src</Filter>
    </ClInclude>
    <ClInclude Include="D:\LIB\opencv\opencv_contrib-4.5.0\modules\xphoto\src\learning_based_color_balance_model.hpp">
      <Filter>Src</Filter>
    </ClInclude>
    <ClInclude Include="D:\LIB\opencv\opencv_contrib-4.5.0\modules\xphoto\src\norm2.hpp">
      <Filter>Src</Filter>
    </ClInclude>
    <ClInclude Include="D:\LIB\opencv\opencv_contrib-4.5.0\modules\xphoto\src\photomontage.hpp">
      <Filter>Src</Filter>
    </ClInclude>
    <ClInclude Include="D:\LIB\opencv\opencv_contrib-4.5.0\modules\xphoto\src\whs.hpp">
      <Filter>Src</Filter>
    </ClInclude>
    <ClInclude Include="D:\LIB\opencv\opencv450\build\cvconfig.h">
      <Filter>Include</Filter>
    </ClInclude>
    <ClInclude Include="D:\LIB\opencv\opencv450\build\opencv2\opencv_modules.hpp">
      <Filter>Include</Filter>
    </ClInclude>
  </ItemGroup>
  <ItemGroup>
    <ResourceCompile Include="D:\LIB\opencv\opencv450\build\modules\xphoto\vs_version.rc">
      <Filter>Src</Filter>
    </ResourceCompile>
  </ItemGroup>
  <ItemGroup>
    <Filter Include="Include">
      <UniqueIdentifier>{0F4E727C-A542-39DA-A5B7-B658528F0B6C}</UniqueIdentifier>
    </Filter>
    <Filter Include="Include\opencv2">
      <UniqueIdentifier>{8E98FA75-E5B5-3AD2-AC34-8A455A40CD7D}</UniqueIdentifier>
    </Filter>
    <Filter Include="Include\opencv2\xphoto">
      <UniqueIdentifier>{1474209E-19AB-3699-B20A-3589FFC18153}</UniqueIdentifier>
    </Filter>
    <Filter Include="Source Files">
      <UniqueIdentifier>{CE12B7EF-4DE0-3097-AE17-93B2DA197F27}</UniqueIdentifier>
    </Filter>
    <Filter Include="Src">
      <UniqueIdentifier>{CD70F01E-A37A-31F4-9B99-9B18D6482D8A}</UniqueIdentifier>
    </Filter>
  </ItemGroup>
</Project>
