<?xml version="1.0" encoding="utf-8"?>
<Project ToolsVersion="15.0" xmlns="http://schemas.microsoft.com/developer/msbuild/2003">
  <ItemGroup>
    <ClCompile Include="D:\LIB\opencv\opencv450\sources\modules\stitching\src\autocalib.cpp">
      <Filter>Src</Filter>
    </ClCompile>
    <ClCompile Include="D:\LIB\opencv\opencv450\sources\modules\stitching\src\blenders.cpp">
      <Filter>Src</Filter>
    </ClCompile>
    <ClCompile Include="D:\LIB\opencv\opencv450\sources\modules\stitching\src\camera.cpp">
      <Filter>Src</Filter>
    </ClCompile>
    <ClCompile Include="D:\LIB\opencv\opencv450\sources\modules\stitching\src\exposure_compensate.cpp">
      <Filter>Src</Filter>
    </ClCompile>
    <ClCompile Include="D:\LIB\opencv\opencv450\sources\modules\stitching\src\matchers.cpp">
      <Filter>Src</Filter>
    </ClCompile>
    <ClCompile Include="D:\LIB\opencv\opencv450\sources\modules\stitching\src\motion_estimators.cpp">
      <Filter>Src</Filter>
    </ClCompile>
    <ClCompile Include="D:\LIB\opencv\opencv450\sources\modules\stitching\src\seam_finders.cpp">
      <Filter>Src</Filter>
    </ClCompile>
    <ClCompile Include="D:\LIB\opencv\opencv450\sources\modules\stitching\src\stitcher.cpp">
      <Filter>Src</Filter>
    </ClCompile>
    <ClCompile Include="D:\LIB\opencv\opencv450\sources\modules\stitching\src\timelapsers.cpp">
      <Filter>Src</Filter>
    </ClCompile>
    <ClCompile Include="D:\LIB\opencv\opencv450\sources\modules\stitching\src\util.cpp">
      <Filter>Src</Filter>
    </ClCompile>
    <ClCompile Include="D:\LIB\opencv\opencv450\sources\modules\stitching\src\warpers.cpp">
      <Filter>Src</Filter>
    </ClCompile>
    <ClCompile Include="D:\LIB\opencv\opencv450\sources\modules\stitching\src\warpers_cuda.cpp">
      <Filter>Src</Filter>
    </ClCompile>
    <ClCompile Include="D:\LIB\opencv\opencv450\build\modules\stitching\opencl_kernels_stitching.cpp">
      <Filter>Src\opencl\kernels\autogenerated</Filter>
    </ClCompile>
    <ClCompile Include="D:\LIB\opencv\opencv450\build\modules\stitching\opencv_stitching_pch.cpp">
      <Filter>Src</Filter>
    </ClCompile>
    <ClCompile Include="D:\LIB\opencv\opencv450\build\modules\stitching\opencv_stitching_main.cpp">
      <Filter>Source Files</Filter>
    </ClCompile>
  </ItemGroup>
  <ItemGroup>
    <ClInclude Include="D:\LIB\opencv\opencv450\sources\modules\stitching\include\opencv2\stitching.hpp">
      <Filter>Include\opencv2</Filter>
    </ClInclude>
    <ClInclude Include="D:\LIB\opencv\opencv450\sources\modules\stitching\include\opencv2\stitching\warpers.hpp">
      <Filter>Include\opencv2\stitching</Filter>
    </ClInclude>
    <ClInclude Include="D:\LIB\opencv\opencv450\sources\modules\stitching\include\opencv2\stitching\detail\autocalib.hpp">
      <Filter>Include\opencv2\stitching\detail</Filter>
    </ClInclude>
    <ClInclude Include="D:\LIB\opencv\opencv450\sources\modules\stitching\include\opencv2\stitching\detail\blenders.hpp">
      <Filter>Include\opencv2\stitching\detail</Filter>
    </ClInclude>
    <ClInclude Include="D:\LIB\opencv\opencv450\sources\modules\stitching\include\opencv2\stitching\detail\camera.hpp">
      <Filter>Include\opencv2\stitching\detail</Filter>
    </ClInclude>
    <ClInclude Include="D:\LIB\opencv\opencv450\sources\modules\stitching\include\opencv2\stitching\detail\exposure_compensate.hpp">
      <Filter>Include\opencv2\stitching\detail</Filter>
    </ClInclude>
    <ClInclude Include="D:\LIB\opencv\opencv450\sources\modules\stitching\include\opencv2\stitching\detail\matchers.hpp">
      <Filter>Include\opencv2\stitching\detail</Filter>
    </ClInclude>
    <ClInclude Include="D:\LIB\opencv\opencv450\sources\modules\stitching\include\opencv2\stitching\detail\motion_estimators.hpp">
      <Filter>Include\opencv2\stitching\detail</Filter>
    </ClInclude>
    <ClInclude Include="D:\LIB\opencv\opencv450\sources\modules\stitching\include\opencv2\stitching\detail\seam_finders.hpp">
      <Filter>Include\opencv2\stitching\detail</Filter>
    </ClInclude>
    <ClInclude Include="D:\LIB\opencv\opencv450\sources\modules\stitching\include\opencv2\stitching\detail\timelapsers.hpp">
      <Filter>Include\opencv2\stitching\detail</Filter>
    </ClInclude>
    <ClInclude Include="D:\LIB\opencv\opencv450\sources\modules\stitching\include\opencv2\stitching\detail\util.hpp">
      <Filter>Include\opencv2\stitching\detail</Filter>
    </ClInclude>
    <ClInclude Include="D:\LIB\opencv\opencv450\sources\modules\stitching\include\opencv2\stitching\detail\util_inl.hpp">
      <Filter>Include\opencv2\stitching\detail</Filter>
    </ClInclude>
    <ClInclude Include="D:\LIB\opencv\opencv450\sources\modules\stitching\include\opencv2\stitching\detail\warpers.hpp">
      <Filter>Include\opencv2\stitching\detail</Filter>
    </ClInclude>
    <ClInclude Include="D:\LIB\opencv\opencv450\sources\modules\stitching\include\opencv2\stitching\detail\warpers_inl.hpp">
      <Filter>Include\opencv2\stitching\detail</Filter>
    </ClInclude>
    <ClInclude Include="D:\LIB\opencv\opencv450\build\modules\stitching\opencl_kernels_stitching.hpp">
      <Filter>Src\opencl\kernels\autogenerated</Filter>
    </ClInclude>
    <ClInclude Include="D:\LIB\opencv\opencv450\sources\modules\stitching\src\precomp.hpp">
      <Filter>Src</Filter>
    </ClInclude>
    <ClInclude Include="D:\LIB\opencv\opencv450\sources\modules\stitching\src\util_log.hpp">
      <Filter>Src</Filter>
    </ClInclude>
    <ClInclude Include="D:\LIB\opencv\opencv450\build\cvconfig.h">
      <Filter>Include</Filter>
    </ClInclude>
    <ClInclude Include="D:\LIB\opencv\opencv450\build\opencv2\opencv_modules.hpp">
      <Filter>Include</Filter>
    </ClInclude>
  </ItemGroup>
  <ItemGroup>
    <CustomBuild Include="D:\LIB\opencv\opencv450\build\CMakeFiles\4eb90d4578e8754def82c91a28c9a432\opencl_kernels_stitching.cpp.rule">
      <Filter>CMake Rules</Filter>
    </CustomBuild>
    <CustomBuild Include="D:\LIB\opencv\opencv450\sources\modules\stitching\src\cuda\build_warp_maps.cu">
      <Filter>Src\Cuda</Filter>
    </CustomBuild>
    <CustomBuild Include="D:\LIB\opencv\opencv450\sources\modules\stitching\src\cuda\multiband_blend.cu">
      <Filter>Src\Cuda</Filter>
    </CustomBuild>
  </ItemGroup>
  <ItemGroup>
    <None Include="D:\LIB\opencv\opencv450\sources\modules\stitching\src\opencl\multibandblend.cl">
      <Filter>Src\opencl\kernels</Filter>
    </None>
    <None Include="D:\LIB\opencv\opencv450\sources\modules\stitching\src\opencl\warpers.cl">
      <Filter>Src\opencl\kernels</Filter>
    </None>
  </ItemGroup>
  <ItemGroup>
    <Object Include="D:\LIB\opencv\opencv450\build\modules\stitching\CMakeFiles\cuda_compile_1.dir\src\cuda\$(Configuration)\cuda_compile_1_generated_build_warp_maps.cu.obj">
      <Filter>Object Files</Filter>
    </Object>
    <Object Include="D:\LIB\opencv\opencv450\build\modules\stitching\CMakeFiles\cuda_compile_1.dir\src\cuda\$(Configuration)\cuda_compile_1_generated_multiband_blend.cu.obj">
      <Filter>Object Files</Filter>
    </Object>
  </ItemGroup>
  <ItemGroup>
    <ResourceCompile Include="D:\LIB\opencv\opencv450\build\modules\stitching\vs_version.rc">
      <Filter>Src</Filter>
    </ResourceCompile>
  </ItemGroup>
  <ItemGroup>
    <Filter Include="CMake Rules">
      <UniqueIdentifier>{613DCB51-195E-330E-A772-6D5B40BA759D}</UniqueIdentifier>
    </Filter>
    <Filter Include="Include">
      <UniqueIdentifier>{0F4E727C-A542-39DA-A5B7-B658528F0B6C}</UniqueIdentifier>
    </Filter>
    <Filter Include="Include\opencv2">
      <UniqueIdentifier>{8E98FA75-E5B5-3AD2-AC34-8A455A40CD7D}</UniqueIdentifier>
    </Filter>
    <Filter Include="Include\opencv2\stitching">
      <UniqueIdentifier>{2A4698AE-97DA-3B00-A793-58FF23B50246}</UniqueIdentifier>
    </Filter>
    <Filter Include="Include\opencv2\stitching\detail">
      <UniqueIdentifier>{BB90FD60-72FB-3BB2-ADA1-BBA37B71C2B6}</UniqueIdentifier>
    </Filter>
    <Filter Include="Object Files">
      <UniqueIdentifier>{CF2C0D67-0984-375E-81D2-14F11AC637C5}</UniqueIdentifier>
    </Filter>
    <Filter Include="Source Files">
      <UniqueIdentifier>{CE12B7EF-4DE0-3097-AE17-93B2DA197F27}</UniqueIdentifier>
    </Filter>
    <Filter Include="Src">
      <UniqueIdentifier>{CD70F01E-A37A-31F4-9B99-9B18D6482D8A}</UniqueIdentifier>
    </Filter>
    <Filter Include="Src\Cuda">
      <UniqueIdentifier>{0FC17E9D-ADFB-3535-91A5-165771147D90}</UniqueIdentifier>
    </Filter>
    <Filter Include="Src\opencl">
      <UniqueIdentifier>{15106DBE-B4B9-30AD-8002-49CE152B898C}</UniqueIdentifier>
    </Filter>
    <Filter Include="Src\opencl\kernels">
      <UniqueIdentifier>{D7BD7446-117E-38D2-AD9C-0B620BC6BF32}</UniqueIdentifier>
    </Filter>
    <Filter Include="Src\opencl\kernels\autogenerated">
      <UniqueIdentifier>{83AEFC3D-9621-3789-84E8-BCBAC25C2251}</UniqueIdentifier>
    </Filter>
  </ItemGroup>
</Project>
