<?xml version="1.0" encoding="utf-8"?>
<Project ToolsVersion="15.0" xmlns="http://schemas.microsoft.com/developer/msbuild/2003">
  <ItemGroup>
    <ClCompile Include="D:\LIB\opencv\opencv_contrib-4.5.0\modules\hfs\src\hfs.cpp">
      <Filter>Src</Filter>
    </ClCompile>
    <ClCompile Include="D:\LIB\opencv\opencv_contrib-4.5.0\modules\hfs\src\hfs_core.cpp">
      <Filter>Src</Filter>
    </ClCompile>
    <ClCompile Include="D:\LIB\opencv\opencv_contrib-4.5.0\modules\hfs\src\magnitude\magnitude.cpp">
      <Filter>Src\magnitude</Filter>
    </ClCompile>
    <ClCompile Include="D:\LIB\opencv\opencv_contrib-4.5.0\modules\hfs\src\merge\merge.cpp">
      <Filter>Src\merge</Filter>
    </ClCompile>
    <ClCompile Include="D:\LIB\opencv\opencv_contrib-4.5.0\modules\hfs\src\slic\gslic_engine.cpp">
      <Filter>Src\slic</Filter>
    </ClCompile>
    <ClCompile Include="D:\LIB\opencv\opencv_contrib-4.5.0\modules\hfs\src\slic\slic.cpp">
      <Filter>Src\slic</Filter>
    </ClCompile>
    <ClCompile Include="D:\LIB\opencv\opencv450\build\modules\hfs\opencv_hfs_pch.cpp">
      <Filter>Src</Filter>
    </ClCompile>
    <ClCompile Include="D:\LIB\opencv\opencv450\build\modules\hfs\opencv_hfs_main.cpp">
      <Filter>Source Files</Filter>
    </ClCompile>
  </ItemGroup>
  <ItemGroup>
    <ClInclude Include="D:\LIB\opencv\opencv_contrib-4.5.0\modules\hfs\include\opencv2\hfs.hpp">
      <Filter>Include\opencv2</Filter>
    </ClInclude>
    <ClInclude Include="D:\LIB\opencv\opencv_contrib-4.5.0\modules\hfs\src\hfs_core.hpp">
      <Filter>Src</Filter>
    </ClInclude>
    <ClInclude Include="D:\LIB\opencv\opencv_contrib-4.5.0\modules\hfs\src\magnitude\magnitude.hpp">
      <Filter>Src\magnitude</Filter>
    </ClInclude>
    <ClInclude Include="D:\LIB\opencv\opencv_contrib-4.5.0\modules\hfs\src\merge\merge.hpp">
      <Filter>Src\merge</Filter>
    </ClInclude>
    <ClInclude Include="D:\LIB\opencv\opencv_contrib-4.5.0\modules\hfs\src\or_utils\or_image.hpp">
      <Filter>Src\or_utils</Filter>
    </ClInclude>
    <ClInclude Include="D:\LIB\opencv\opencv_contrib-4.5.0\modules\hfs\src\or_utils\or_memory_block.hpp">
      <Filter>Src\or_utils</Filter>
    </ClInclude>
    <ClInclude Include="D:\LIB\opencv\opencv_contrib-4.5.0\modules\hfs\src\or_utils\or_types.hpp">
      <Filter>Src\or_utils</Filter>
    </ClInclude>
    <ClInclude Include="D:\LIB\opencv\opencv_contrib-4.5.0\modules\hfs\src\or_utils\or_vector.hpp">
      <Filter>Src\or_utils</Filter>
    </ClInclude>
    <ClInclude Include="D:\LIB\opencv\opencv_contrib-4.5.0\modules\hfs\src\precomp.hpp">
      <Filter>Src</Filter>
    </ClInclude>
    <ClInclude Include="D:\LIB\opencv\opencv_contrib-4.5.0\modules\hfs\src\slic\slic.hpp">
      <Filter>Src\slic</Filter>
    </ClInclude>
    <ClInclude Include="D:\LIB\opencv\opencv450\build\cvconfig.h">
      <Filter>Include</Filter>
    </ClInclude>
    <ClInclude Include="D:\LIB\opencv\opencv450\build\opencv2\opencv_modules.hpp">
      <Filter>Include</Filter>
    </ClInclude>
  </ItemGroup>
  <ItemGroup>
    <CustomBuild Include="D:\LIB\opencv\opencv_contrib-4.5.0\modules\hfs\src\cuda\gslic_seg_engine_gpu.cu">
      <Filter>Src\Cuda</Filter>
    </CustomBuild>
    <CustomBuild Include="D:\LIB\opencv\opencv_contrib-4.5.0\modules\hfs\src\cuda\magnitude.cu">
      <Filter>Src\Cuda</Filter>
    </CustomBuild>
  </ItemGroup>
  <ItemGroup>
    <Object Include="D:\LIB\opencv\opencv450\build\modules\hfs\CMakeFiles\cuda_compile_1.dir\src\cuda\$(Configuration)\cuda_compile_1_generated_gslic_seg_engine_gpu.cu.obj">
      <Filter>Object Files</Filter>
    </Object>
    <Object Include="D:\LIB\opencv\opencv450\build\modules\hfs\CMakeFiles\cuda_compile_1.dir\src\cuda\$(Configuration)\cuda_compile_1_generated_magnitude.cu.obj">
      <Filter>Object Files</Filter>
    </Object>
  </ItemGroup>
  <ItemGroup>
    <ResourceCompile Include="D:\LIB\opencv\opencv450\build\modules\hfs\vs_version.rc">
      <Filter>Src</Filter>
    </ResourceCompile>
  </ItemGroup>
  <ItemGroup>
    <Filter Include="Include">
      <UniqueIdentifier>{0F4E727C-A542-39DA-A5B7-B658528F0B6C}</UniqueIdentifier>
    </Filter>
    <Filter Include="Include\opencv2">
      <UniqueIdentifier>{8E98FA75-E5B5-3AD2-AC34-8A455A40CD7D}</UniqueIdentifier>
    </Filter>
    <Filter Include="Object Files">
      <UniqueIdentifier>{CF2C0D67-0984-375E-81D2-14F11AC637C5}</UniqueIdentifier>
    </Filter>
    <Filter Include="Source Files">
      <UniqueIdentifier>{CE12B7EF-4DE0-3097-AE17-93B2DA197F27}</UniqueIdentifier>
    </Filter>
    <Filter Include="Src">
      <UniqueIdentifier>{CD70F01E-A37A-31F4-9B99-9B18D6482D8A}</UniqueIdentifier>
    </Filter>
    <Filter Include="Src\Cuda">
      <UniqueIdentifier>{0FC17E9D-ADFB-3535-91A5-165771147D90}</UniqueIdentifier>
    </Filter>
    <Filter Include="Src\magnitude">
      <UniqueIdentifier>{F0E689D6-BF1D-3B23-BAEE-D4924A7B8D42}</UniqueIdentifier>
    </Filter>
    <Filter Include="Src\merge">
      <UniqueIdentifier>{75626AD6-0E23-39F2-9EAF-43614DE52A70}</UniqueIdentifier>
    </Filter>
    <Filter Include="Src\or_utils">
      <UniqueIdentifier>{668AC45E-7512-329D-BD9C-EFA3E487421E}</UniqueIdentifier>
    </Filter>
    <Filter Include="Src\slic">
      <UniqueIdentifier>{444E9978-A010-3291-B878-4014B21B25F8}</UniqueIdentifier>
    </Filter>
  </ItemGroup>
</Project>
