<?xml version="1.0" encoding="utf-8"?>
<Project ToolsVersion="15.0" xmlns="http://schemas.microsoft.com/developer/msbuild/2003">
  <ItemGroup>
    <ClCompile Include="D:\LIB\opencv\opencv_contrib-4.5.0\modules\mcc\src\bound_min.cpp">
      <Filter>Src</Filter>
    </ClCompile>
    <ClCompile Include="D:\LIB\opencv\opencv_contrib-4.5.0\modules\mcc\src\charts.cpp">
      <Filter>Src</Filter>
    </ClCompile>
    <ClCompile Include="D:\LIB\opencv\opencv_contrib-4.5.0\modules\mcc\src\checker_detector.cpp">
      <Filter>Src</Filter>
    </ClCompile>
    <ClCompile Include="D:\LIB\opencv\opencv_contrib-4.5.0\modules\mcc\src\checker_model.cpp">
      <Filter>Src</Filter>
    </ClCompile>
    <ClCompile Include="D:\LIB\opencv\opencv_contrib-4.5.0\modules\mcc\src\common.cpp">
      <Filter>Src</Filter>
    </ClCompile>
    <ClCompile Include="D:\LIB\opencv\opencv_contrib-4.5.0\modules\mcc\src\debug.cpp">
      <Filter>Src</Filter>
    </ClCompile>
    <ClCompile Include="D:\LIB\opencv\opencv_contrib-4.5.0\modules\mcc\src\graph_cluster.cpp">
      <Filter>Src</Filter>
    </ClCompile>
    <ClCompile Include="D:\LIB\opencv\opencv_contrib-4.5.0\modules\mcc\src\mcc.cpp">
      <Filter>Src</Filter>
    </ClCompile>
    <ClCompile Include="D:\LIB\opencv\opencv_contrib-4.5.0\modules\mcc\src\wiener_filter.cpp">
      <Filter>Src</Filter>
    </ClCompile>
    <ClCompile Include="D:\LIB\opencv\opencv450\build\modules\mcc\opencv_mcc_pch.cpp">
      <Filter>Src</Filter>
    </ClCompile>
    <ClCompile Include="D:\LIB\opencv\opencv450\build\modules\mcc\opencv_mcc_main.cpp">
      <Filter>Source Files</Filter>
    </ClCompile>
  </ItemGroup>
  <ItemGroup>
    <ClInclude Include="D:\LIB\opencv\opencv_contrib-4.5.0\modules\mcc\include\opencv2\mcc.hpp">
      <Filter>Include\opencv2</Filter>
    </ClInclude>
    <ClInclude Include="D:\LIB\opencv\opencv_contrib-4.5.0\modules\mcc\include\opencv2\mcc\checker_detector.hpp">
      <Filter>Include\opencv2\mcc</Filter>
    </ClInclude>
    <ClInclude Include="D:\LIB\opencv\opencv_contrib-4.5.0\modules\mcc\include\opencv2\mcc\checker_model.hpp">
      <Filter>Include\opencv2\mcc</Filter>
    </ClInclude>
    <ClInclude Include="D:\LIB\opencv\opencv_contrib-4.5.0\modules\mcc\src\bound_min.hpp">
      <Filter>Src</Filter>
    </ClInclude>
    <ClInclude Include="D:\LIB\opencv\opencv_contrib-4.5.0\modules\mcc\src\charts.hpp">
      <Filter>Src</Filter>
    </ClInclude>
    <ClInclude Include="D:\LIB\opencv\opencv_contrib-4.5.0\modules\mcc\src\checker_detector.hpp">
      <Filter>Src</Filter>
    </ClInclude>
    <ClInclude Include="D:\LIB\opencv\opencv_contrib-4.5.0\modules\mcc\src\checker_model.hpp">
      <Filter>Src</Filter>
    </ClInclude>
    <ClInclude Include="D:\LIB\opencv\opencv_contrib-4.5.0\modules\mcc\src\common.hpp">
      <Filter>Src</Filter>
    </ClInclude>
    <ClInclude Include="D:\LIB\opencv\opencv_contrib-4.5.0\modules\mcc\src\debug.hpp">
      <Filter>Src</Filter>
    </ClInclude>
    <ClInclude Include="D:\LIB\opencv\opencv_contrib-4.5.0\modules\mcc\src\dictionary.hpp">
      <Filter>Src</Filter>
    </ClInclude>
    <ClInclude Include="D:\LIB\opencv\opencv_contrib-4.5.0\modules\mcc\src\graph_cluster.hpp">
      <Filter>Src</Filter>
    </ClInclude>
    <ClInclude Include="D:\LIB\opencv\opencv_contrib-4.5.0\modules\mcc\src\precomp.hpp">
      <Filter>Src</Filter>
    </ClInclude>
    <ClInclude Include="D:\LIB\opencv\opencv_contrib-4.5.0\modules\mcc\src\wiener_filter.hpp">
      <Filter>Src</Filter>
    </ClInclude>
    <ClInclude Include="D:\LIB\opencv\opencv450\build\cvconfig.h">
      <Filter>Include</Filter>
    </ClInclude>
    <ClInclude Include="D:\LIB\opencv\opencv450\build\opencv2\opencv_modules.hpp">
      <Filter>Include</Filter>
    </ClInclude>
  </ItemGroup>
  <ItemGroup>
    <ResourceCompile Include="D:\LIB\opencv\opencv450\build\modules\mcc\vs_version.rc">
      <Filter>Src</Filter>
    </ResourceCompile>
  </ItemGroup>
  <ItemGroup>
    <Filter Include="Include">
      <UniqueIdentifier>{0F4E727C-A542-39DA-A5B7-B658528F0B6C}</UniqueIdentifier>
    </Filter>
    <Filter Include="Include\opencv2">
      <UniqueIdentifier>{8E98FA75-E5B5-3AD2-AC34-8A455A40CD7D}</UniqueIdentifier>
    </Filter>
    <Filter Include="Include\opencv2\mcc">
      <UniqueIdentifier>{2D07DC89-C7C8-3662-A8A8-8D862EC1AA7B}</UniqueIdentifier>
    </Filter>
    <Filter Include="Source Files">
      <UniqueIdentifier>{CE12B7EF-4DE0-3097-AE17-93B2DA197F27}</UniqueIdentifier>
    </Filter>
    <Filter Include="Src">
      <UniqueIdentifier>{CD70F01E-A37A-31F4-9B99-9B18D6482D8A}</UniqueIdentifier>
    </Filter>
  </ItemGroup>
</Project>
